
Microsoft Visual Studio Solution File, Format Version 12.00
# Visual Studio 15
VisualStudioVersion = 15.0.28010.2050
MinimumVisualStudioVersion = 10.0.40219.1
Project("{2150E333-8FDC-42A3-9474-1A3956D46DE8}") = "Solution Items", "Solution Items", "{D9B88DC4-25A4-4F86-88E6-3E19B5CBDEA1}"
	ProjectSection(SolutionItems) = preProject
		Local.testsettings = Local.testsettings
		TraceAndTestImpact.testsettings = TraceAndTestImpact.testsettings
		TXPlatform.vsmdi = TXPlatform.vsmdi
	EndProjectSection
EndProject
Project("{2150E333-8FDC-42A3-9474-1A3956D46DE8}") = "DBEncap", "DBEncap", "{348F11C1-10CD-49C9-82FF-E288B2E2B7B6}"
EndProject
Project("{2150E333-8FDC-42A3-9474-1A3956D46DE8}") = "Service", "Service", "{43288A84-29E6-46A5-8109-5111B742DE06}"
EndProject
Project("{2150E333-8FDC-42A3-9474-1A3956D46DE8}") = "Toolkits", "Toolkits", "{74A5057D-61B7-4D74-8EAF-F0185785EF1D}"
EndProject
Project("{2150E333-8FDC-42A3-9474-1A3956D46DE8}") = "Model", "Model", "{B973AF9E-B287-4810-BDC3-1F41D62B4666}"
EndProject
Project("{2150E333-8FDC-42A3-9474-1A3956D46DE8}") = "View", "View", "{48A48918-CBD9-4AE2-BB98-A31DEC815F17}"
EndProject
Project("{2150E333-8FDC-42A3-9474-1A3956D46DE8}") = "ViewModel", "ViewModel", "{78F1E7A3-1372-4563-93EF-8462F3A9BA25}"
EndProject
Project("{2150E333-8FDC-42A3-9474-1A3956D46DE8}") = "BO", "BO", "{340A16AE-9A66-49A4-BB52-02D5C6A2F1C9}"
EndProject
Project("{FAE04EC0-301F-11D3-BF4B-00C04F79EFBC}") = "HabilimentERP", "HabilimentERP\HabilimentERP.csproj", "{37DFDBD8-E56D-4DDD-8E62-D7653EAF6448}"
	ProjectSection(ProjectDependencies) = postProject
		{428FCFBB-E4C7-496A-8F38-CB7DE7E41141} = {428FCFBB-E4C7-496A-8F38-CB7DE7E41141}
	EndProjectSection
EndProject
Project("{FAE04EC0-301F-11D3-BF4B-00C04F79EFBC}") = "DBLinqProvider", "DBLinqProvider\DBLinqProvider.csproj", "{284BC2E0-944C-41DE-8366-5347525096A5}"
EndProject
Project("{FAE04EC0-301F-11D3-BF4B-00C04F79EFBC}") = "DBAccess", "DBOperator\DBAccess.csproj", "{0659B2B4-E322-47B8-B5BC-C1FCDF23A820}"
EndProject
Project("{FAE04EC0-301F-11D3-BF4B-00C04F79EFBC}") = "DomainLogicEncap", "DomainLogicEncap\DomainLogicEncap.csproj", "{ECABAC61-5112-406E-B5F8-D898A996AB4C}"
EndProject
Project("{FAE04EC0-301F-11D3-BF4B-00C04F79EFBC}") = "Kernel", "Kernel.Extension\Kernel.csproj", "{A0726815-AFFD-4636-A64A-8BA7A7612FA8}"
EndProject
Project("{FAE04EC0-301F-11D3-BF4B-00C04F79EFBC}") = "WCFServiceHost", "WCFServiceHost\WCFServiceHost.csproj", "{428FCFBB-E4C7-496A-8F38-CB7DE7E41141}"
EndProject
Project("{FAE04EC0-301F-11D3-BF4B-00C04F79EFBC}") = "UpdateOnline", "UpdateOnline\UpdateOnline.csproj", "{51110A25-A28E-4EE5-BA38-8E098A5CAA60}"
EndProject
Project("{FAE04EC0-301F-11D3-BF4B-00C04F79EFBC}") = "IWCFService", "IWCFService\IWCFService.csproj", "{05A5BA0B-8CD8-4C0E-98F3-165BD8A25DE1}"
EndProject
Project("{FAE04EC0-301F-11D3-BF4B-00C04F79EFBC}") = "VersionManager", "VersionManager\VersionManager.csproj", "{5B876603-C4DE-412F-ABF1-AF7864B5EB70}"
EndProject
Project("{FAE04EC0-301F-11D3-BF4B-00C04F79EFBC}") = "CentralizeModel", "CentralizeModel\CentralizeModel.csproj", "{4246BF13-BFBB-48D2-B259-34FE026F1B82}"
EndProject
Project("{FAE04EC0-301F-11D3-BF4B-00C04F79EFBC}") = "ERPViewModelBasic", "ViewModel\ERPViewModelBasic.csproj", "{2E97B0FB-10A1-4241-A4E0-ABC60A7D51E7}"
EndProject
Project("{FAE04EC0-301F-11D3-BF4B-00C04F79EFBC}") = "UpdateOnline.Extension", "UpdateOnline.Extension\UpdateOnline.Extension.csproj", "{3FFB3F61-B156-4112-9C5E-7EE1FC070FE5}"
EndProject
Project("{FAE04EC0-301F-11D3-BF4B-00C04F79EFBC}") = "Model.Extension", "Model.Extension\Model.Extension.csproj", "{3E5D357D-E7A9-4BF5-9079-0484E303FB6E}"
EndProject
Project("{FAE04EC0-301F-11D3-BF4B-00C04F79EFBC}") = "SysProcessModel", "SysProcessModel\SysProcessModel.csproj", "{522D227D-139F-4E59-983B-339198A9FDAD}"
EndProject
Project("{FAE04EC0-301F-11D3-BF4B-00C04F79EFBC}") = "DistributionModel", "DistributionModel\DistributionModel.csproj", "{6C3FD41B-92E6-43F2-93A9-21685917BDAD}"
EndProject
Project("{FAE04EC0-301F-11D3-BF4B-00C04F79EFBC}") = "ManufacturingModel", "FactoryProductionModel\ManufacturingModel.csproj", "{34BB9EA6-0350-4482-BCCE-347EEE501DE8}"
EndProject
Project("{FAE04EC0-301F-11D3-BF4B-00C04F79EFBC}") = "Manufacturing", "Manufacturing\Manufacturing.csproj", "{1046DE12-8B0E-45C4-8083-2F13FF58787D}"
EndProject
Project("{FAE04EC0-301F-11D3-BF4B-00C04F79EFBC}") = "Manufacturing.ViewModel", "Manufacturing.ViewModel\Manufacturing.ViewModel.csproj", "{243CF4E8-08AB-4DAC-A9B2-CD460E983195}"
EndProject
Project("{FAE04EC0-301F-11D3-BF4B-00C04F79EFBC}") = "View.Extension", "View.Extension\View.Extension.csproj", "{D0FB639A-65F2-47C9-9DBB-B61BB8ED13E7}"
EndProject
Project("{FAE04EC0-301F-11D3-BF4B-00C04F79EFBC}") = "SysProcessView", "SysProcessView\SysProcessView.csproj", "{55AB3F23-DC57-44CC-9B78-111F6ABA936F}"
EndProject
Project("{FAE04EC0-301F-11D3-BF4B-00C04F79EFBC}") = "SysProcessViewModel", "SysProcessViewModel\SysProcessViewModel.csproj", "{1B328CA3-BFF9-4FFD-8214-EF603465355E}"
EndProject
Project("{FAE04EC0-301F-11D3-BF4B-00C04F79EFBC}") = "ViewModelBasic", "ViewModelBase\ViewModelBasic.csproj", "{3D521D68-094F-46C8-9877-A2009EA1CAD5}"
EndProject
Project("{FAE04EC0-301F-11D3-BF4B-00C04F79EFBC}") = "DistributionView", "DistributionView\DistributionView.csproj", "{74475E85-8EFD-4AE3-811E-9251D423F2ED}"
EndProject
Project("{FAE04EC0-301F-11D3-BF4B-00C04F79EFBC}") = "DistributionViewModel", "DistributionViewModel\DistributionViewModel.csproj", "{1CE10888-2818-4318-BAD1-1D95290CDA2B}"
EndProject
Project("{FAE04EC0-301F-11D3-BF4B-00C04F79EFBC}") = "UdpTransportForWCF", "UdpTransportForWCF\UdpTransportForWCF.csproj", "{EB7978E6-7F0C-4911-9558-D3AC239CE88B}"
EndProject
Project("{FAE04EC0-301F-11D3-BF4B-00C04F79EFBC}") = "BuildTasks", "BuildTasks\BuildTasks.csproj", "{314468CB-28EB-40F2-BA15-0AC5743E9B2B}"
EndProject
Project("{FAE04EC0-301F-11D3-BF4B-00C04F79EFBC}") = "IWCFServiceForIM", "IWCFServiceForIM\IWCFServiceForIM.csproj", "{31C0A7FE-807E-4EA1-BA89-356D75F3BED8}"
EndProject
Project("{FAE04EC0-301F-11D3-BF4B-00C04F79EFBC}") = "WEBAPI", "WEBAPI\WEBAPI.csproj", "{C6CFC4EC-8A25-4605-8D1F-98B874843E59}"
EndProject
Project("{FAE04EC0-301F-11D3-BF4B-00C04F79EFBC}") = "ERPModelBO", "ERPModelBO\ERPModelBO.csproj", "{A6BA9012-1B18-4D83-B3DB-8864CC6721F8}"
EndProject
Project("{FAE04EC0-301F-11D3-BF4B-00C04F79EFBC}") = "DBEncapsulation", "DBEncapsulation\DBEncapsulation.csproj", "{C3DDC5E5-0025-41F6-80E7-C9BDAFECCAAF}"
EndProject
Project("{FAE04EC0-301F-11D3-BF4B-00C04F79EFBC}") = "DbContextExtension", "DbContextExtension\DbContextExtension.csproj", "{84F9B89F-1CDD-4ABE-B3AD-AC3EA43744DA}"
EndProject
Global
	GlobalSection(SolutionConfigurationPlatforms) = preSolution
		CD_ROM|Any CPU = CD_ROM|Any CPU
		CD_ROM|Mixed Platforms = CD_ROM|Mixed Platforms
		CD_ROM|x86 = CD_ROM|x86
		Debug.UniqueCode|Any CPU = Debug.UniqueCode|Any CPU
		Debug.UniqueCode|Mixed Platforms = Debug.UniqueCode|Mixed Platforms
		Debug.UniqueCode|x86 = Debug.UniqueCode|x86
		Debug|Any CPU = Debug|Any CPU
		Debug|Mixed Platforms = Debug|Mixed Platforms
		Debug|x86 = Debug|x86
		DVD-5|Any CPU = DVD-5|Any CPU
		DVD-5|Mixed Platforms = DVD-5|Mixed Platforms
		DVD-5|x86 = DVD-5|x86
		Release|Any CPU = Release|Any CPU
		Release|Mixed Platforms = Release|Mixed Platforms
		Release|x86 = Release|x86
		SingleImage|Any CPU = SingleImage|Any CPU
		SingleImage|Mixed Platforms = SingleImage|Mixed Platforms
		SingleImage|x86 = SingleImage|x86
	EndGlobalSection
	GlobalSection(ProjectConfigurationPlatforms) = postSolution
		{37DFDBD8-E56D-4DDD-8E62-D7653EAF6448}.CD_ROM|Any CPU.ActiveCfg = Release|x86
		{37DFDBD8-E56D-4DDD-8E62-D7653EAF6448}.CD_ROM|Mixed Platforms.ActiveCfg = Release|x86
		{37DFDBD8-E56D-4DDD-8E62-D7653EAF6448}.CD_ROM|Mixed Platforms.Build.0 = Release|x86
		{37DFDBD8-E56D-4DDD-8E62-D7653EAF6448}.CD_ROM|x86.ActiveCfg = Release|x86
		{37DFDBD8-E56D-4DDD-8E62-D7653EAF6448}.CD_ROM|x86.Build.0 = Release|x86
		{37DFDBD8-E56D-4DDD-8E62-D7653EAF6448}.Debug.UniqueCode|Any CPU.ActiveCfg = Debug.UniqueCode|x86
		{37DFDBD8-E56D-4DDD-8E62-D7653EAF6448}.Debug.UniqueCode|Mixed Platforms.ActiveCfg = Debug.UniqueCode|x86
		{37DFDBD8-E56D-4DDD-8E62-D7653EAF6448}.Debug.UniqueCode|Mixed Platforms.Build.0 = Debug.UniqueCode|x86
		{37DFDBD8-E56D-4DDD-8E62-D7653EAF6448}.Debug.UniqueCode|x86.ActiveCfg = Debug.UniqueCode|x86
		{37DFDBD8-E56D-4DDD-8E62-D7653EAF6448}.Debug.UniqueCode|x86.Build.0 = Debug.UniqueCode|x86
		{37DFDBD8-E56D-4DDD-8E62-D7653EAF6448}.Debug|Any CPU.ActiveCfg = Debug|x86
		{37DFDBD8-E56D-4DDD-8E62-D7653EAF6448}.Debug|Mixed Platforms.ActiveCfg = Debug|x86
		{37DFDBD8-E56D-4DDD-8E62-D7653EAF6448}.Debug|Mixed Platforms.Build.0 = Debug|x86
		{37DFDBD8-E56D-4DDD-8E62-D7653EAF6448}.Debug|x86.ActiveCfg = Debug|x86
		{37DFDBD8-E56D-4DDD-8E62-D7653EAF6448}.Debug|x86.Build.0 = Debug|x86
		{37DFDBD8-E56D-4DDD-8E62-D7653EAF6448}.DVD-5|Any CPU.ActiveCfg = Debug|x86
		{37DFDBD8-E56D-4DDD-8E62-D7653EAF6448}.DVD-5|Mixed Platforms.ActiveCfg = Debug|x86
		{37DFDBD8-E56D-4DDD-8E62-D7653EAF6448}.DVD-5|Mixed Platforms.Build.0 = Debug|x86
		{37DFDBD8-E56D-4DDD-8E62-D7653EAF6448}.DVD-5|x86.ActiveCfg = Debug|x86
		{37DFDBD8-E56D-4DDD-8E62-D7653EAF6448}.DVD-5|x86.Build.0 = Debug|x86
		{37DFDBD8-E56D-4DDD-8E62-D7653EAF6448}.Release|Any CPU.ActiveCfg = Release|x86
		{37DFDBD8-E56D-4DDD-8E62-D7653EAF6448}.Release|Mixed Platforms.ActiveCfg = Release|x86
		{37DFDBD8-E56D-4DDD-8E62-D7653EAF6448}.Release|Mixed Platforms.Build.0 = Release|x86
		{37DFDBD8-E56D-4DDD-8E62-D7653EAF6448}.Release|x86.ActiveCfg = Release|x86
		{37DFDBD8-E56D-4DDD-8E62-D7653EAF6448}.Release|x86.Build.0 = Release|x86
		{37DFDBD8-E56D-4DDD-8E62-D7653EAF6448}.SingleImage|Any CPU.ActiveCfg = Release|x86
		{37DFDBD8-E56D-4DDD-8E62-D7653EAF6448}.SingleImage|Mixed Platforms.ActiveCfg = Release|x86
		{37DFDBD8-E56D-4DDD-8E62-D7653EAF6448}.SingleImage|Mixed Platforms.Build.0 = Release|x86
		{37DFDBD8-E56D-4DDD-8E62-D7653EAF6448}.SingleImage|x86.ActiveCfg = Release|x86
		{37DFDBD8-E56D-4DDD-8E62-D7653EAF6448}.SingleImage|x86.Build.0 = Release|x86
		{284BC2E0-944C-41DE-8366-5347525096A5}.CD_ROM|Any CPU.ActiveCfg = Release|Any CPU
		{284BC2E0-944C-41DE-8366-5347525096A5}.CD_ROM|Any CPU.Build.0 = Release|Any CPU
		{284BC2E0-944C-41DE-8366-5347525096A5}.CD_ROM|Mixed Platforms.ActiveCfg = Release|Any CPU
		{284BC2E0-944C-41DE-8366-5347525096A5}.CD_ROM|Mixed Platforms.Build.0 = Release|Any CPU
		{284BC2E0-944C-41DE-8366-5347525096A5}.CD_ROM|x86.ActiveCfg = Release|Any CPU
		{284BC2E0-944C-41DE-8366-5347525096A5}.Debug.UniqueCode|Any CPU.ActiveCfg = Debug.UniqueCode|Any CPU
		{284BC2E0-944C-41DE-8366-5347525096A5}.Debug.UniqueCode|Any CPU.Build.0 = Debug.UniqueCode|Any CPU
		{284BC2E0-944C-41DE-8366-5347525096A5}.Debug.UniqueCode|Mixed Platforms.ActiveCfg = Debug.UniqueCode|Any CPU
		{284BC2E0-944C-41DE-8366-5347525096A5}.Debug.UniqueCode|Mixed Platforms.Build.0 = Debug.UniqueCode|Any CPU
		{284BC2E0-944C-41DE-8366-5347525096A5}.Debug.UniqueCode|x86.ActiveCfg = Debug.UniqueCode|Any CPU
		{284BC2E0-944C-41DE-8366-5347525096A5}.Debug|Any CPU.ActiveCfg = Debug|Any CPU
		{284BC2E0-944C-41DE-8366-5347525096A5}.Debug|Any CPU.Build.0 = Debug|Any CPU
		{284BC2E0-944C-41DE-8366-5347525096A5}.Debug|Mixed Platforms.ActiveCfg = Debug|Any CPU
		{284BC2E0-944C-41DE-8366-5347525096A5}.Debug|Mixed Platforms.Build.0 = Debug|Any CPU
		{284BC2E0-944C-41DE-8366-5347525096A5}.Debug|x86.ActiveCfg = Debug|Any CPU
		{284BC2E0-944C-41DE-8366-5347525096A5}.DVD-5|Any CPU.ActiveCfg = Debug|Any CPU
		{284BC2E0-944C-41DE-8366-5347525096A5}.DVD-5|Any CPU.Build.0 = Debug|Any CPU
		{284BC2E0-944C-41DE-8366-5347525096A5}.DVD-5|Mixed Platforms.ActiveCfg = Debug|Any CPU
		{284BC2E0-944C-41DE-8366-5347525096A5}.DVD-5|Mixed Platforms.Build.0 = Debug|Any CPU
		{284BC2E0-944C-41DE-8366-5347525096A5}.DVD-5|x86.ActiveCfg = Debug|Any CPU
		{284BC2E0-944C-41DE-8366-5347525096A5}.Release|Any CPU.ActiveCfg = Release|Any CPU
		{284BC2E0-944C-41DE-8366-5347525096A5}.Release|Any CPU.Build.0 = Release|Any CPU
		{284BC2E0-944C-41DE-8366-5347525096A5}.Release|Mixed Platforms.ActiveCfg = Release|Any CPU
		{284BC2E0-944C-41DE-8366-5347525096A5}.Release|Mixed Platforms.Build.0 = Release|Any CPU
		{284BC2E0-944C-41DE-8366-5347525096A5}.Release|x86.ActiveCfg = Release|Any CPU
		{284BC2E0-944C-41DE-8366-5347525096A5}.SingleImage|Any CPU.ActiveCfg = Release|Any CPU
		{284BC2E0-944C-41DE-8366-5347525096A5}.SingleImage|Any CPU.Build.0 = Release|Any CPU
		{284BC2E0-944C-41DE-8366-5347525096A5}.SingleImage|Mixed Platforms.ActiveCfg = Release|Any CPU
		{284BC2E0-944C-41DE-8366-5347525096A5}.SingleImage|Mixed Platforms.Build.0 = Release|Any CPU
		{284BC2E0-944C-41DE-8366-5347525096A5}.SingleImage|x86.ActiveCfg = Release|Any CPU
		{0659B2B4-E322-47B8-B5BC-C1FCDF23A820}.CD_ROM|Any CPU.ActiveCfg = Release|Any CPU
		{0659B2B4-E322-47B8-B5BC-C1FCDF23A820}.CD_ROM|Any CPU.Build.0 = Release|Any CPU
		{0659B2B4-E322-47B8-B5BC-C1FCDF23A820}.CD_ROM|Mixed Platforms.ActiveCfg = Release|Any CPU
		{0659B2B4-E322-47B8-B5BC-C1FCDF23A820}.CD_ROM|Mixed Platforms.Build.0 = Release|Any CPU
		{0659B2B4-E322-47B8-B5BC-C1FCDF23A820}.CD_ROM|x86.ActiveCfg = Release|Any CPU
		{0659B2B4-E322-47B8-B5BC-C1FCDF23A820}.Debug.UniqueCode|Any CPU.ActiveCfg = Debug.UniqueCode|Any CPU
		{0659B2B4-E322-47B8-B5BC-C1FCDF23A820}.Debug.UniqueCode|Any CPU.Build.0 = Debug.UniqueCode|Any CPU
		{0659B2B4-E322-47B8-B5BC-C1FCDF23A820}.Debug.UniqueCode|Mixed Platforms.ActiveCfg = Debug.UniqueCode|Any CPU
		{0659B2B4-E322-47B8-B5BC-C1FCDF23A820}.Debug.UniqueCode|Mixed Platforms.Build.0 = Debug.UniqueCode|Any CPU
		{0659B2B4-E322-47B8-B5BC-C1FCDF23A820}.Debug.UniqueCode|x86.ActiveCfg = Debug.UniqueCode|Any CPU
		{0659B2B4-E322-47B8-B5BC-C1FCDF23A820}.Debug|Any CPU.ActiveCfg = Debug|Any CPU
		{0659B2B4-E322-47B8-B5BC-C1FCDF23A820}.Debug|Any CPU.Build.0 = Debug|Any CPU
		{0659B2B4-E322-47B8-B5BC-C1FCDF23A820}.Debug|Mixed Platforms.ActiveCfg = Debug|Any CPU
		{0659B2B4-E322-47B8-B5BC-C1FCDF23A820}.Debug|Mixed Platforms.Build.0 = Debug|Any CPU
		{0659B2B4-E322-47B8-B5BC-C1FCDF23A820}.Debug|x86.ActiveCfg = Debug|Any CPU
		{0659B2B4-E322-47B8-B5BC-C1FCDF23A820}.DVD-5|Any CPU.ActiveCfg = Debug|Any CPU
		{0659B2B4-E322-47B8-B5BC-C1FCDF23A820}.DVD-5|Any CPU.Build.0 = Debug|Any CPU
		{0659B2B4-E322-47B8-B5BC-C1FCDF23A820}.DVD-5|Mixed Platforms.ActiveCfg = Debug|Any CPU
		{0659B2B4-E322-47B8-B5BC-C1FCDF23A820}.DVD-5|Mixed Platforms.Build.0 = Debug|Any CPU
		{0659B2B4-E322-47B8-B5BC-C1FCDF23A820}.DVD-5|x86.ActiveCfg = Debug|Any CPU
		{0659B2B4-E322-47B8-B5BC-C1FCDF23A820}.Release|Any CPU.ActiveCfg = Release|Any CPU
		{0659B2B4-E322-47B8-B5BC-C1FCDF23A820}.Release|Any CPU.Build.0 = Release|Any CPU
		{0659B2B4-E322-47B8-B5BC-C1FCDF23A820}.Release|Mixed Platforms.ActiveCfg = Release|Any CPU
		{0659B2B4-E322-47B8-B5BC-C1FCDF23A820}.Release|Mixed Platforms.Build.0 = Release|Any CPU
		{0659B2B4-E322-47B8-B5BC-C1FCDF23A820}.Release|x86.ActiveCfg = Release|Any CPU
		{0659B2B4-E322-47B8-B5BC-C1FCDF23A820}.SingleImage|Any CPU.ActiveCfg = Release|Any CPU
		{0659B2B4-E322-47B8-B5BC-C1FCDF23A820}.SingleImage|Any CPU.Build.0 = Release|Any CPU
		{0659B2B4-E322-47B8-B5BC-C1FCDF23A820}.SingleImage|Mixed Platforms.ActiveCfg = Release|Any CPU
		{0659B2B4-E322-47B8-B5BC-C1FCDF23A820}.SingleImage|Mixed Platforms.Build.0 = Release|Any CPU
		{0659B2B4-E322-47B8-B5BC-C1FCDF23A820}.SingleImage|x86.ActiveCfg = Release|Any CPU
		{ECABAC61-5112-406E-B5F8-D898A996AB4C}.CD_ROM|Any CPU.ActiveCfg = Release|Any CPU
		{ECABAC61-5112-406E-B5F8-D898A996AB4C}.CD_ROM|Any CPU.Build.0 = Release|Any CPU
		{ECABAC61-5112-406E-B5F8-D898A996AB4C}.CD_ROM|Mixed Platforms.ActiveCfg = Release|Any CPU
		{ECABAC61-5112-406E-B5F8-D898A996AB4C}.CD_ROM|Mixed Platforms.Build.0 = Release|Any CPU
		{ECABAC61-5112-406E-B5F8-D898A996AB4C}.CD_ROM|x86.ActiveCfg = Release|Any CPU
		{ECABAC61-5112-406E-B5F8-D898A996AB4C}.Debug.UniqueCode|Any CPU.ActiveCfg = Debug.UniqueCode|Any CPU
		{ECABAC61-5112-406E-B5F8-D898A996AB4C}.Debug.UniqueCode|Any CPU.Build.0 = Debug.UniqueCode|Any CPU
		{ECABAC61-5112-406E-B5F8-D898A996AB4C}.Debug.UniqueCode|Mixed Platforms.ActiveCfg = Debug.UniqueCode|Any CPU
		{ECABAC61-5112-406E-B5F8-D898A996AB4C}.Debug.UniqueCode|Mixed Platforms.Build.0 = Debug.UniqueCode|Any CPU
		{ECABAC61-5112-406E-B5F8-D898A996AB4C}.Debug.UniqueCode|x86.ActiveCfg = Debug.UniqueCode|Any CPU
		{ECABAC61-5112-406E-B5F8-D898A996AB4C}.Debug|Any CPU.ActiveCfg = Debug|Any CPU
		{ECABAC61-5112-406E-B5F8-D898A996AB4C}.Debug|Any CPU.Build.0 = Debug|Any CPU
		{ECABAC61-5112-406E-B5F8-D898A996AB4C}.Debug|Mixed Platforms.ActiveCfg = Debug|Any CPU
		{ECABAC61-5112-406E-B5F8-D898A996AB4C}.Debug|Mixed Platforms.Build.0 = Debug|Any CPU
		{ECABAC61-5112-406E-B5F8-D898A996AB4C}.Debug|x86.ActiveCfg = Debug|Any CPU
		{ECABAC61-5112-406E-B5F8-D898A996AB4C}.DVD-5|Any CPU.ActiveCfg = Debug|Any CPU
		{ECABAC61-5112-406E-B5F8-D898A996AB4C}.DVD-5|Any CPU.Build.0 = Debug|Any CPU
		{ECABAC61-5112-406E-B5F8-D898A996AB4C}.DVD-5|Mixed Platforms.ActiveCfg = Debug|Any CPU
		{ECABAC61-5112-406E-B5F8-D898A996AB4C}.DVD-5|Mixed Platforms.Build.0 = Debug|Any CPU
		{ECABAC61-5112-406E-B5F8-D898A996AB4C}.DVD-5|x86.ActiveCfg = Debug|Any CPU
		{ECABAC61-5112-406E-B5F8-D898A996AB4C}.Release|Any CPU.ActiveCfg = Release|Any CPU
		{ECABAC61-5112-406E-B5F8-D898A996AB4C}.Release|Any CPU.Build.0 = Release|Any CPU
		{ECABAC61-5112-406E-B5F8-D898A996AB4C}.Release|Mixed Platforms.ActiveCfg = Release|Any CPU
		{ECABAC61-5112-406E-B5F8-D898A996AB4C}.Release|Mixed Platforms.Build.0 = Release|Any CPU
		{ECABAC61-5112-406E-B5F8-D898A996AB4C}.Release|x86.ActiveCfg = Release|Any CPU
		{ECABAC61-5112-406E-B5F8-D898A996AB4C}.SingleImage|Any CPU.ActiveCfg = Release|Any CPU
		{ECABAC61-5112-406E-B5F8-D898A996AB4C}.SingleImage|Any CPU.Build.0 = Release|Any CPU
		{ECABAC61-5112-406E-B5F8-D898A996AB4C}.SingleImage|Mixed Platforms.ActiveCfg = Release|Any CPU
		{ECABAC61-5112-406E-B5F8-D898A996AB4C}.SingleImage|Mixed Platforms.Build.0 = Release|Any CPU
		{ECABAC61-5112-406E-B5F8-D898A996AB4C}.SingleImage|x86.ActiveCfg = Release|Any CPU
		{A0726815-AFFD-4636-A64A-8BA7A7612FA8}.CD_ROM|Any CPU.ActiveCfg = Release|Any CPU
		{A0726815-AFFD-4636-A64A-8BA7A7612FA8}.CD_ROM|Any CPU.Build.0 = Release|Any CPU
		{A0726815-AFFD-4636-A64A-8BA7A7612FA8}.CD_ROM|Mixed Platforms.ActiveCfg = Release|Any CPU
		{A0726815-AFFD-4636-A64A-8BA7A7612FA8}.CD_ROM|Mixed Platforms.Build.0 = Release|Any CPU
		{A0726815-AFFD-4636-A64A-8BA7A7612FA8}.CD_ROM|x86.ActiveCfg = Release|Any CPU
		{A0726815-AFFD-4636-A64A-8BA7A7612FA8}.Debug.UniqueCode|Any CPU.ActiveCfg = Debug.UniqueCode|Any CPU
		{A0726815-AFFD-4636-A64A-8BA7A7612FA8}.Debug.UniqueCode|Any CPU.Build.0 = Debug.UniqueCode|Any CPU
		{A0726815-AFFD-4636-A64A-8BA7A7612FA8}.Debug.UniqueCode|Mixed Platforms.ActiveCfg = Debug.UniqueCode|Any CPU
		{A0726815-AFFD-4636-A64A-8BA7A7612FA8}.Debug.UniqueCode|Mixed Platforms.Build.0 = Debug.UniqueCode|Any CPU
		{A0726815-AFFD-4636-A64A-8BA7A7612FA8}.Debug.UniqueCode|x86.ActiveCfg = Debug.UniqueCode|Any CPU
		{A0726815-AFFD-4636-A64A-8BA7A7612FA8}.Debug|Any CPU.ActiveCfg = Debug|Any CPU
		{A0726815-AFFD-4636-A64A-8BA7A7612FA8}.Debug|Any CPU.Build.0 = Debug|Any CPU
		{A0726815-AFFD-4636-A64A-8BA7A7612FA8}.Debug|Mixed Platforms.ActiveCfg = Debug|Any CPU
		{A0726815-AFFD-4636-A64A-8BA7A7612FA8}.Debug|Mixed Platforms.Build.0 = Debug|Any CPU
		{A0726815-AFFD-4636-A64A-8BA7A7612FA8}.Debug|x86.ActiveCfg = Debug|Any CPU
		{A0726815-AFFD-4636-A64A-8BA7A7612FA8}.DVD-5|Any CPU.ActiveCfg = Debug|Any CPU
		{A0726815-AFFD-4636-A64A-8BA7A7612FA8}.DVD-5|Any CPU.Build.0 = Debug|Any CPU
		{A0726815-AFFD-4636-A64A-8BA7A7612FA8}.DVD-5|Mixed Platforms.ActiveCfg = Debug|Any CPU
		{A0726815-AFFD-4636-A64A-8BA7A7612FA8}.DVD-5|Mixed Platforms.Build.0 = Debug|Any CPU
		{A0726815-AFFD-4636-A64A-8BA7A7612FA8}.DVD-5|x86.ActiveCfg = Debug|Any CPU
		{A0726815-AFFD-4636-A64A-8BA7A7612FA8}.Release|Any CPU.ActiveCfg = Release|Any CPU
		{A0726815-AFFD-4636-A64A-8BA7A7612FA8}.Release|Any CPU.Build.0 = Release|Any CPU
		{A0726815-AFFD-4636-A64A-8BA7A7612FA8}.Release|Mixed Platforms.ActiveCfg = Release|Any CPU
		{A0726815-AFFD-4636-A64A-8BA7A7612FA8}.Release|Mixed Platforms.Build.0 = Release|Any CPU
		{A0726815-AFFD-4636-A64A-8BA7A7612FA8}.Release|x86.ActiveCfg = Release|Any CPU
		{A0726815-AFFD-4636-A64A-8BA7A7612FA8}.SingleImage|Any CPU.ActiveCfg = Release|Any CPU
		{A0726815-AFFD-4636-A64A-8BA7A7612FA8}.SingleImage|Any CPU.Build.0 = Release|Any CPU
		{A0726815-AFFD-4636-A64A-8BA7A7612FA8}.SingleImage|Mixed Platforms.ActiveCfg = Release|Any CPU
		{A0726815-AFFD-4636-A64A-8BA7A7612FA8}.SingleImage|Mixed Platforms.Build.0 = Release|Any CPU
		{A0726815-AFFD-4636-A64A-8BA7A7612FA8}.SingleImage|x86.ActiveCfg = Release|Any CPU
		{428FCFBB-E4C7-496A-8F38-CB7DE7E41141}.CD_ROM|Any CPU.ActiveCfg = Release|Any CPU
		{428FCFBB-E4C7-496A-8F38-CB7DE7E41141}.CD_ROM|Any CPU.Build.0 = Release|Any CPU
		{428FCFBB-E4C7-496A-8F38-CB7DE7E41141}.CD_ROM|Mixed Platforms.ActiveCfg = Release|Any CPU
		{428FCFBB-E4C7-496A-8F38-CB7DE7E41141}.CD_ROM|Mixed Platforms.Build.0 = Release|Any CPU
		{428FCFBB-E4C7-496A-8F38-CB7DE7E41141}.CD_ROM|x86.ActiveCfg = Release|Any CPU
		{428FCFBB-E4C7-496A-8F38-CB7DE7E41141}.Debug.UniqueCode|Any CPU.ActiveCfg = Debug.UniqueCode|Any CPU
		{428FCFBB-E4C7-496A-8F38-CB7DE7E41141}.Debug.UniqueCode|Any CPU.Build.0 = Debug.UniqueCode|Any CPU
		{428FCFBB-E4C7-496A-8F38-CB7DE7E41141}.Debug.UniqueCode|Mixed Platforms.ActiveCfg = Debug.UniqueCode|Any CPU
		{428FCFBB-E4C7-496A-8F38-CB7DE7E41141}.Debug.UniqueCode|Mixed Platforms.Build.0 = Debug.UniqueCode|Any CPU
		{428FCFBB-E4C7-496A-8F38-CB7DE7E41141}.Debug.UniqueCode|x86.ActiveCfg = Debug.UniqueCode|Any CPU
		{428FCFBB-E4C7-496A-8F38-CB7DE7E41141}.Debug|Any CPU.ActiveCfg = Debug|Any CPU
		{428FCFBB-E4C7-496A-8F38-CB7DE7E41141}.Debug|Any CPU.Build.0 = Debug|Any CPU
		{428FCFBB-E4C7-496A-8F38-CB7DE7E41141}.Debug|Mixed Platforms.ActiveCfg = Debug|Any CPU
		{428FCFBB-E4C7-496A-8F38-CB7DE7E41141}.Debug|Mixed Platforms.Build.0 = Debug|Any CPU
		{428FCFBB-E4C7-496A-8F38-CB7DE7E41141}.Debug|x86.ActiveCfg = Debug|Any CPU
		{428FCFBB-E4C7-496A-8F38-CB7DE7E41141}.DVD-5|Any CPU.ActiveCfg = Debug|Any CPU
		{428FCFBB-E4C7-496A-8F38-CB7DE7E41141}.DVD-5|Any CPU.Build.0 = Debug|Any CPU
		{428FCFBB-E4C7-496A-8F38-CB7DE7E41141}.DVD-5|Mixed Platforms.ActiveCfg = Debug|Any CPU
		{428FCFBB-E4C7-496A-8F38-CB7DE7E41141}.DVD-5|Mixed Platforms.Build.0 = Debug|Any CPU
		{428FCFBB-E4C7-496A-8F38-CB7DE7E41141}.DVD-5|x86.ActiveCfg = Debug|Any CPU
		{428FCFBB-E4C7-496A-8F38-CB7DE7E41141}.Release|Any CPU.ActiveCfg = Release|Any CPU
		{428FCFBB-E4C7-496A-8F38-CB7DE7E41141}.Release|Any CPU.Build.0 = Release|Any CPU
		{428FCFBB-E4C7-496A-8F38-CB7DE7E41141}.Release|Mixed Platforms.ActiveCfg = Release|Any CPU
		{428FCFBB-E4C7-496A-8F38-CB7DE7E41141}.Release|Mixed Platforms.Build.0 = Release|Any CPU
		{428FCFBB-E4C7-496A-8F38-CB7DE7E41141}.Release|x86.ActiveCfg = Release|Any CPU
		{428FCFBB-E4C7-496A-8F38-CB7DE7E41141}.SingleImage|Any CPU.ActiveCfg = Release|Any CPU
		{428FCFBB-E4C7-496A-8F38-CB7DE7E41141}.SingleImage|Any CPU.Build.0 = Release|Any CPU
		{428FCFBB-E4C7-496A-8F38-CB7DE7E41141}.SingleImage|Mixed Platforms.ActiveCfg = Release|Any CPU
		{428FCFBB-E4C7-496A-8F38-CB7DE7E41141}.SingleImage|Mixed Platforms.Build.0 = Release|Any CPU
		{428FCFBB-E4C7-496A-8F38-CB7DE7E41141}.SingleImage|x86.ActiveCfg = Release|Any CPU
		{51110A25-A28E-4EE5-BA38-8E098A5CAA60}.CD_ROM|Any CPU.ActiveCfg = Release|x86
		{51110A25-A28E-4EE5-BA38-8E098A5CAA60}.CD_ROM|Mixed Platforms.ActiveCfg = Release|x86
		{51110A25-A28E-4EE5-BA38-8E098A5CAA60}.CD_ROM|Mixed Platforms.Build.0 = Release|x86
		{51110A25-A28E-4EE5-BA38-8E098A5CAA60}.CD_ROM|x86.ActiveCfg = Release|x86
		{51110A25-A28E-4EE5-BA38-8E098A5CAA60}.CD_ROM|x86.Build.0 = Release|x86
		{51110A25-A28E-4EE5-BA38-8E098A5CAA60}.Debug.UniqueCode|Any CPU.ActiveCfg = Debug.UniqueCode|x86
		{51110A25-A28E-4EE5-BA38-8E098A5CAA60}.Debug.UniqueCode|Mixed Platforms.ActiveCfg = Debug.UniqueCode|x86
		{51110A25-A28E-4EE5-BA38-8E098A5CAA60}.Debug.UniqueCode|Mixed Platforms.Build.0 = Debug.UniqueCode|x86
		{51110A25-A28E-4EE5-BA38-8E098A5CAA60}.Debug.UniqueCode|x86.ActiveCfg = Debug.UniqueCode|x86
		{51110A25-A28E-4EE5-BA38-8E098A5CAA60}.Debug.UniqueCode|x86.Build.0 = Debug.UniqueCode|x86
		{51110A25-A28E-4EE5-BA38-8E098A5CAA60}.Debug|Any CPU.ActiveCfg = Debug|x86
		{51110A25-A28E-4EE5-BA38-8E098A5CAA60}.Debug|Mixed Platforms.ActiveCfg = Debug|x86
		{51110A25-A28E-4EE5-BA38-8E098A5CAA60}.Debug|Mixed Platforms.Build.0 = Debug|x86
		{51110A25-A28E-4EE5-BA38-8E098A5CAA60}.Debug|x86.ActiveCfg = Debug|x86
		{51110A25-A28E-4EE5-BA38-8E098A5CAA60}.Debug|x86.Build.0 = Debug|x86
		{51110A25-A28E-4EE5-BA38-8E098A5CAA60}.DVD-5|Any CPU.ActiveCfg = Debug|x86
		{51110A25-A28E-4EE5-BA38-8E098A5CAA60}.DVD-5|Mixed Platforms.ActiveCfg = Debug|x86
		{51110A25-A28E-4EE5-BA38-8E098A5CAA60}.DVD-5|Mixed Platforms.Build.0 = Debug|x86
		{51110A25-A28E-4EE5-BA38-8E098A5CAA60}.DVD-5|x86.ActiveCfg = Debug|x86
		{51110A25-A28E-4EE5-BA38-8E098A5CAA60}.DVD-5|x86.Build.0 = Debug|x86
		{51110A25-A28E-4EE5-BA38-8E098A5CAA60}.Release|Any CPU.ActiveCfg = Release|x86
		{51110A25-A28E-4EE5-BA38-8E098A5CAA60}.Release|Mixed Platforms.ActiveCfg = Release|x86
		{51110A25-A28E-4EE5-BA38-8E098A5CAA60}.Release|Mixed Platforms.Build.0 = Release|x86
		{51110A25-A28E-4EE5-BA38-8E098A5CAA60}.Release|x86.ActiveCfg = Release|x86
		{51110A25-A28E-4EE5-BA38-8E098A5CAA60}.Release|x86.Build.0 = Release|x86
		{51110A25-A28E-4EE5-BA38-8E098A5CAA60}.SingleImage|Any CPU.ActiveCfg = Release|x86
		{51110A25-A28E-4EE5-BA38-8E098A5CAA60}.SingleImage|Mixed Platforms.ActiveCfg = Release|x86
		{51110A25-A28E-4EE5-BA38-8E098A5CAA60}.SingleImage|Mixed Platforms.Build.0 = Release|x86
		{51110A25-A28E-4EE5-BA38-8E098A5CAA60}.SingleImage|x86.ActiveCfg = Release|x86
		{51110A25-A28E-4EE5-BA38-8E098A5CAA60}.SingleImage|x86.Build.0 = Release|x86
		{05A5BA0B-8CD8-4C0E-98F3-165BD8A25DE1}.CD_ROM|Any CPU.ActiveCfg = Release|Any CPU
		{05A5BA0B-8CD8-4C0E-98F3-165BD8A25DE1}.CD_ROM|Any CPU.Build.0 = Release|Any CPU
		{05A5BA0B-8CD8-4C0E-98F3-165BD8A25DE1}.CD_ROM|Mixed Platforms.ActiveCfg = Release|Any CPU
		{05A5BA0B-8CD8-4C0E-98F3-165BD8A25DE1}.CD_ROM|Mixed Platforms.Build.0 = Release|Any CPU
		{05A5BA0B-8CD8-4C0E-98F3-165BD8A25DE1}.CD_ROM|x86.ActiveCfg = Release|Any CPU
		{05A5BA0B-8CD8-4C0E-98F3-165BD8A25DE1}.Debug.UniqueCode|Any CPU.ActiveCfg = Debug.UniqueCode|Any CPU
		{05A5BA0B-8CD8-4C0E-98F3-165BD8A25DE1}.Debug.UniqueCode|Any CPU.Build.0 = Debug.UniqueCode|Any CPU
		{05A5BA0B-8CD8-4C0E-98F3-165BD8A25DE1}.Debug.UniqueCode|Mixed Platforms.ActiveCfg = Debug.UniqueCode|Any CPU
		{05A5BA0B-8CD8-4C0E-98F3-165BD8A25DE1}.Debug.UniqueCode|Mixed Platforms.Build.0 = Debug.UniqueCode|Any CPU
		{05A5BA0B-8CD8-4C0E-98F3-165BD8A25DE1}.Debug.UniqueCode|x86.ActiveCfg = Debug.UniqueCode|Any CPU
		{05A5BA0B-8CD8-4C0E-98F3-165BD8A25DE1}.Debug|Any CPU.ActiveCfg = Debug|Any CPU
		{05A5BA0B-8CD8-4C0E-98F3-165BD8A25DE1}.Debug|Any CPU.Build.0 = Debug|Any CPU
		{05A5BA0B-8CD8-4C0E-98F3-165BD8A25DE1}.Debug|Mixed Platforms.ActiveCfg = Debug|Any CPU
		{05A5BA0B-8CD8-4C0E-98F3-165BD8A25DE1}.Debug|Mixed Platforms.Build.0 = Debug|Any CPU
		{05A5BA0B-8CD8-4C0E-98F3-165BD8A25DE1}.Debug|x86.ActiveCfg = Debug|Any CPU
		{05A5BA0B-8CD8-4C0E-98F3-165BD8A25DE1}.DVD-5|Any CPU.ActiveCfg = Debug|Any CPU
		{05A5BA0B-8CD8-4C0E-98F3-165BD8A25DE1}.DVD-5|Any CPU.Build.0 = Debug|Any CPU
		{05A5BA0B-8CD8-4C0E-98F3-165BD8A25DE1}.DVD-5|Mixed Platforms.ActiveCfg = Debug|Any CPU
		{05A5BA0B-8CD8-4C0E-98F3-165BD8A25DE1}.DVD-5|Mixed Platforms.Build.0 = Debug|Any CPU
		{05A5BA0B-8CD8-4C0E-98F3-165BD8A25DE1}.DVD-5|x86.ActiveCfg = Debug|Any CPU
		{05A5BA0B-8CD8-4C0E-98F3-165BD8A25DE1}.Release|Any CPU.ActiveCfg = Release|Any CPU
		{05A5BA0B-8CD8-4C0E-98F3-165BD8A25DE1}.Release|Any CPU.Build.0 = Release|Any CPU
		{05A5BA0B-8CD8-4C0E-98F3-165BD8A25DE1}.Release|Mixed Platforms.ActiveCfg = Release|Any CPU
		{05A5BA0B-8CD8-4C0E-98F3-165BD8A25DE1}.Release|Mixed Platforms.Build.0 = Release|Any CPU
		{05A5BA0B-8CD8-4C0E-98F3-165BD8A25DE1}.Release|x86.ActiveCfg = Release|Any CPU
		{05A5BA0B-8CD8-4C0E-98F3-165BD8A25DE1}.SingleImage|Any CPU.ActiveCfg = Release|Any CPU
		{05A5BA0B-8CD8-4C0E-98F3-165BD8A25DE1}.SingleImage|Any CPU.Build.0 = Release|Any CPU
		{05A5BA0B-8CD8-4C0E-98F3-165BD8A25DE1}.SingleImage|Mixed Platforms.ActiveCfg = Release|Any CPU
		{05A5BA0B-8CD8-4C0E-98F3-165BD8A25DE1}.SingleImage|Mixed Platforms.Build.0 = Release|Any CPU
		{05A5BA0B-8CD8-4C0E-98F3-165BD8A25DE1}.SingleImage|x86.ActiveCfg = Release|Any CPU
		{5B876603-C4DE-412F-ABF1-AF7864B5EB70}.CD_ROM|Any CPU.ActiveCfg = Release|x86
		{5B876603-C4DE-412F-ABF1-AF7864B5EB70}.CD_ROM|Mixed Platforms.ActiveCfg = Release|x86
		{5B876603-C4DE-412F-ABF1-AF7864B5EB70}.CD_ROM|Mixed Platforms.Build.0 = Release|x86
		{5B876603-C4DE-412F-ABF1-AF7864B5EB70}.CD_ROM|x86.ActiveCfg = Release|x86
		{5B876603-C4DE-412F-ABF1-AF7864B5EB70}.CD_ROM|x86.Build.0 = Release|x86
		{5B876603-C4DE-412F-ABF1-AF7864B5EB70}.Debug.UniqueCode|Any CPU.ActiveCfg = Debug.UniqueCode|x86
		{5B876603-C4DE-412F-ABF1-AF7864B5EB70}.Debug.UniqueCode|Mixed Platforms.ActiveCfg = Debug.UniqueCode|x86
		{5B876603-C4DE-412F-ABF1-AF7864B5EB70}.Debug.UniqueCode|Mixed Platforms.Build.0 = Debug.UniqueCode|x86
		{5B876603-C4DE-412F-ABF1-AF7864B5EB70}.Debug.UniqueCode|x86.ActiveCfg = Debug.UniqueCode|x86
		{5B876603-C4DE-412F-ABF1-AF7864B5EB70}.Debug.UniqueCode|x86.Build.0 = Debug.UniqueCode|x86
		{5B876603-C4DE-412F-ABF1-AF7864B5EB70}.Debug|Any CPU.ActiveCfg = Debug|x86
		{5B876603-C4DE-412F-ABF1-AF7864B5EB70}.Debug|Mixed Platforms.ActiveCfg = Debug|x86
		{5B876603-C4DE-412F-ABF1-AF7864B5EB70}.Debug|Mixed Platforms.Build.0 = Debug|x86
		{5B876603-C4DE-412F-ABF1-AF7864B5EB70}.Debug|x86.ActiveCfg = Debug|x86
		{5B876603-C4DE-412F-ABF1-AF7864B5EB70}.Debug|x86.Build.0 = Debug|x86
		{5B876603-C4DE-412F-ABF1-AF7864B5EB70}.DVD-5|Any CPU.ActiveCfg = Debug|x86
		{5B876603-C4DE-412F-ABF1-AF7864B5EB70}.DVD-5|Mixed Platforms.ActiveCfg = Debug|x86
		{5B876603-C4DE-412F-ABF1-AF7864B5EB70}.DVD-5|Mixed Platforms.Build.0 = Debug|x86
		{5B876603-C4DE-412F-ABF1-AF7864B5EB70}.DVD-5|x86.ActiveCfg = Debug|x86
		{5B876603-C4DE-412F-ABF1-AF7864B5EB70}.DVD-5|x86.Build.0 = Debug|x86
		{5B876603-C4DE-412F-ABF1-AF7864B5EB70}.Release|Any CPU.ActiveCfg = Release|x86
		{5B876603-C4DE-412F-ABF1-AF7864B5EB70}.Release|Mixed Platforms.ActiveCfg = Release|x86
		{5B876603-C4DE-412F-ABF1-AF7864B5EB70}.Release|Mixed Platforms.Build.0 = Release|x86
		{5B876603-C4DE-412F-ABF1-AF7864B5EB70}.Release|x86.ActiveCfg = Release|x86
		{5B876603-C4DE-412F-ABF1-AF7864B5EB70}.Release|x86.Build.0 = Release|x86
		{5B876603-C4DE-412F-ABF1-AF7864B5EB70}.SingleImage|Any CPU.ActiveCfg = Release|x86
		{5B876603-C4DE-412F-ABF1-AF7864B5EB70}.SingleImage|Mixed Platforms.ActiveCfg = Release|x86
		{5B876603-C4DE-412F-ABF1-AF7864B5EB70}.SingleImage|Mixed Platforms.Build.0 = Release|x86
		{5B876603-C4DE-412F-ABF1-AF7864B5EB70}.SingleImage|x86.ActiveCfg = Release|x86
		{5B876603-C4DE-412F-ABF1-AF7864B5EB70}.SingleImage|x86.Build.0 = Release|x86
		{4246BF13-BFBB-48D2-B259-34FE026F1B82}.CD_ROM|Any CPU.ActiveCfg = Release|Any CPU
		{4246BF13-BFBB-48D2-B259-34FE026F1B82}.CD_ROM|Any CPU.Build.0 = Release|Any CPU
		{4246BF13-BFBB-48D2-B259-34FE026F1B82}.CD_ROM|Mixed Platforms.ActiveCfg = Release|Any CPU
		{4246BF13-BFBB-48D2-B259-34FE026F1B82}.CD_ROM|Mixed Platforms.Build.0 = Release|Any CPU
		{4246BF13-BFBB-48D2-B259-34FE026F1B82}.CD_ROM|x86.ActiveCfg = Release|Any CPU
		{4246BF13-BFBB-48D2-B259-34FE026F1B82}.Debug.UniqueCode|Any CPU.ActiveCfg = Debug.UniqueCode|Any CPU
		{4246BF13-BFBB-48D2-B259-34FE026F1B82}.Debug.UniqueCode|Any CPU.Build.0 = Debug.UniqueCode|Any CPU
		{4246BF13-BFBB-48D2-B259-34FE026F1B82}.Debug.UniqueCode|Mixed Platforms.ActiveCfg = Debug.UniqueCode|Any CPU
		{4246BF13-BFBB-48D2-B259-34FE026F1B82}.Debug.UniqueCode|Mixed Platforms.Build.0 = Debug.UniqueCode|Any CPU
		{4246BF13-BFBB-48D2-B259-34FE026F1B82}.Debug.UniqueCode|x86.ActiveCfg = Debug.UniqueCode|Any CPU
		{4246BF13-BFBB-48D2-B259-34FE026F1B82}.Debug|Any CPU.ActiveCfg = Debug|Any CPU
		{4246BF13-BFBB-48D2-B259-34FE026F1B82}.Debug|Any CPU.Build.0 = Debug|Any CPU
		{4246BF13-BFBB-48D2-B259-34FE026F1B82}.Debug|Mixed Platforms.ActiveCfg = Debug|Any CPU
		{4246BF13-BFBB-48D2-B259-34FE026F1B82}.Debug|Mixed Platforms.Build.0 = Debug|Any CPU
		{4246BF13-BFBB-48D2-B259-34FE026F1B82}.Debug|x86.ActiveCfg = Debug|Any CPU
		{4246BF13-BFBB-48D2-B259-34FE026F1B82}.DVD-5|Any CPU.ActiveCfg = Debug|Any CPU
		{4246BF13-BFBB-48D2-B259-34FE026F1B82}.DVD-5|Any CPU.Build.0 = Debug|Any CPU
		{4246BF13-BFBB-48D2-B259-34FE026F1B82}.DVD-5|Mixed Platforms.ActiveCfg = Debug|Any CPU
		{4246BF13-BFBB-48D2-B259-34FE026F1B82}.DVD-5|Mixed Platforms.Build.0 = Debug|Any CPU
		{4246BF13-BFBB-48D2-B259-34FE026F1B82}.DVD-5|x86.ActiveCfg = Debug|Any CPU
		{4246BF13-BFBB-48D2-B259-34FE026F1B82}.Release|Any CPU.ActiveCfg = Release|Any CPU
		{4246BF13-BFBB-48D2-B259-34FE026F1B82}.Release|Any CPU.Build.0 = Release|Any CPU
		{4246BF13-BFBB-48D2-B259-34FE026F1B82}.Release|Mixed Platforms.ActiveCfg = Release|Any CPU
		{4246BF13-BFBB-48D2-B259-34FE026F1B82}.Release|Mixed Platforms.Build.0 = Release|Any CPU
		{4246BF13-BFBB-48D2-B259-34FE026F1B82}.Release|x86.ActiveCfg = Release|Any CPU
		{4246BF13-BFBB-48D2-B259-34FE026F1B82}.SingleImage|Any CPU.ActiveCfg = Release|Any CPU
		{4246BF13-BFBB-48D2-B259-34FE026F1B82}.SingleImage|Any CPU.Build.0 = Release|Any CPU
		{4246BF13-BFBB-48D2-B259-34FE026F1B82}.SingleImage|Mixed Platforms.ActiveCfg = Release|Any CPU
		{4246BF13-BFBB-48D2-B259-34FE026F1B82}.SingleImage|Mixed Platforms.Build.0 = Release|Any CPU
		{4246BF13-BFBB-48D2-B259-34FE026F1B82}.SingleImage|x86.ActiveCfg = Release|Any CPU
		{2E97B0FB-10A1-4241-A4E0-ABC60A7D51E7}.CD_ROM|Any CPU.ActiveCfg = Release|Any CPU
		{2E97B0FB-10A1-4241-A4E0-ABC60A7D51E7}.CD_ROM|Any CPU.Build.0 = Release|Any CPU
		{2E97B0FB-10A1-4241-A4E0-ABC60A7D51E7}.CD_ROM|Mixed Platforms.ActiveCfg = Release|Any CPU
		{2E97B0FB-10A1-4241-A4E0-ABC60A7D51E7}.CD_ROM|Mixed Platforms.Build.0 = Release|Any CPU
		{2E97B0FB-10A1-4241-A4E0-ABC60A7D51E7}.CD_ROM|x86.ActiveCfg = Release|Any CPU
		{2E97B0FB-10A1-4241-A4E0-ABC60A7D51E7}.Debug.UniqueCode|Any CPU.ActiveCfg = Debug.UniqueCode|Any CPU
		{2E97B0FB-10A1-4241-A4E0-ABC60A7D51E7}.Debug.UniqueCode|Any CPU.Build.0 = Debug.UniqueCode|Any CPU
		{2E97B0FB-10A1-4241-A4E0-ABC60A7D51E7}.Debug.UniqueCode|Mixed Platforms.ActiveCfg = Debug.UniqueCode|Any CPU
		{2E97B0FB-10A1-4241-A4E0-ABC60A7D51E7}.Debug.UniqueCode|Mixed Platforms.Build.0 = Debug.UniqueCode|Any CPU
		{2E97B0FB-10A1-4241-A4E0-ABC60A7D51E7}.Debug.UniqueCode|x86.ActiveCfg = Debug.UniqueCode|Any CPU
		{2E97B0FB-10A1-4241-A4E0-ABC60A7D51E7}.Debug|Any CPU.ActiveCfg = Debug|Any CPU
		{2E97B0FB-10A1-4241-A4E0-ABC60A7D51E7}.Debug|Any CPU.Build.0 = Debug|Any CPU
		{2E97B0FB-10A1-4241-A4E0-ABC60A7D51E7}.Debug|Mixed Platforms.ActiveCfg = Debug|Any CPU
		{2E97B0FB-10A1-4241-A4E0-ABC60A7D51E7}.Debug|Mixed Platforms.Build.0 = Debug|Any CPU
		{2E97B0FB-10A1-4241-A4E0-ABC60A7D51E7}.Debug|x86.ActiveCfg = Debug|Any CPU
		{2E97B0FB-10A1-4241-A4E0-ABC60A7D51E7}.DVD-5|Any CPU.ActiveCfg = Debug|Any CPU
		{2E97B0FB-10A1-4241-A4E0-ABC60A7D51E7}.DVD-5|Any CPU.Build.0 = Debug|Any CPU
		{2E97B0FB-10A1-4241-A4E0-ABC60A7D51E7}.DVD-5|Mixed Platforms.ActiveCfg = Debug|Any CPU
		{2E97B0FB-10A1-4241-A4E0-ABC60A7D51E7}.DVD-5|Mixed Platforms.Build.0 = Debug|Any CPU
		{2E97B0FB-10A1-4241-A4E0-ABC60A7D51E7}.DVD-5|x86.ActiveCfg = Debug|Any CPU
		{2E97B0FB-10A1-4241-A4E0-ABC60A7D51E7}.Release|Any CPU.ActiveCfg = Release|Any CPU
		{2E97B0FB-10A1-4241-A4E0-ABC60A7D51E7}.Release|Any CPU.Build.0 = Release|Any CPU
		{2E97B0FB-10A1-4241-A4E0-ABC60A7D51E7}.Release|Mixed Platforms.ActiveCfg = Release|Any CPU
		{2E97B0FB-10A1-4241-A4E0-ABC60A7D51E7}.Release|Mixed Platforms.Build.0 = Release|Any CPU
		{2E97B0FB-10A1-4241-A4E0-ABC60A7D51E7}.Release|x86.ActiveCfg = Release|Any CPU
		{2E97B0FB-10A1-4241-A4E0-ABC60A7D51E7}.SingleImage|Any CPU.ActiveCfg = Release|Any CPU
		{2E97B0FB-10A1-4241-A4E0-ABC60A7D51E7}.SingleImage|Any CPU.Build.0 = Release|Any CPU
		{2E97B0FB-10A1-4241-A4E0-ABC60A7D51E7}.SingleImage|Mixed Platforms.ActiveCfg = Release|Any CPU
		{2E97B0FB-10A1-4241-A4E0-ABC60A7D51E7}.SingleImage|Mixed Platforms.Build.0 = Release|Any CPU
		{2E97B0FB-10A1-4241-A4E0-ABC60A7D51E7}.SingleImage|x86.ActiveCfg = Release|Any CPU
		{3FFB3F61-B156-4112-9C5E-7EE1FC070FE5}.CD_ROM|Any CPU.ActiveCfg = Release|Any CPU
		{3FFB3F61-B156-4112-9C5E-7EE1FC070FE5}.CD_ROM|Any CPU.Build.0 = Release|Any CPU
		{3FFB3F61-B156-4112-9C5E-7EE1FC070FE5}.CD_ROM|Mixed Platforms.ActiveCfg = Release|Any CPU
		{3FFB3F61-B156-4112-9C5E-7EE1FC070FE5}.CD_ROM|Mixed Platforms.Build.0 = Release|Any CPU
		{3FFB3F61-B156-4112-9C5E-7EE1FC070FE5}.CD_ROM|x86.ActiveCfg = Release|Any CPU
		{3FFB3F61-B156-4112-9C5E-7EE1FC070FE5}.Debug.UniqueCode|Any CPU.ActiveCfg = Debug.UniqueCode|Any CPU
		{3FFB3F61-B156-4112-9C5E-7EE1FC070FE5}.Debug.UniqueCode|Any CPU.Build.0 = Debug.UniqueCode|Any CPU
		{3FFB3F61-B156-4112-9C5E-7EE1FC070FE5}.Debug.UniqueCode|Mixed Platforms.ActiveCfg = Debug.UniqueCode|Any CPU
		{3FFB3F61-B156-4112-9C5E-7EE1FC070FE5}.Debug.UniqueCode|Mixed Platforms.Build.0 = Debug.UniqueCode|Any CPU
		{3FFB3F61-B156-4112-9C5E-7EE1FC070FE5}.Debug.UniqueCode|x86.ActiveCfg = Debug.UniqueCode|Any CPU
		{3FFB3F61-B156-4112-9C5E-7EE1FC070FE5}.Debug|Any CPU.ActiveCfg = Debug|Any CPU
		{3FFB3F61-B156-4112-9C5E-7EE1FC070FE5}.Debug|Any CPU.Build.0 = Debug|Any CPU
		{3FFB3F61-B156-4112-9C5E-7EE1FC070FE5}.Debug|Mixed Platforms.ActiveCfg = Debug|Any CPU
		{3FFB3F61-B156-4112-9C5E-7EE1FC070FE5}.Debug|Mixed Platforms.Build.0 = Debug|Any CPU
		{3FFB3F61-B156-4112-9C5E-7EE1FC070FE5}.Debug|x86.ActiveCfg = Debug|Any CPU
		{3FFB3F61-B156-4112-9C5E-7EE1FC070FE5}.DVD-5|Any CPU.ActiveCfg = Debug|Any CPU
		{3FFB3F61-B156-4112-9C5E-7EE1FC070FE5}.DVD-5|Any CPU.Build.0 = Debug|Any CPU
		{3FFB3F61-B156-4112-9C5E-7EE1FC070FE5}.DVD-5|Mixed Platforms.ActiveCfg = Debug|Any CPU
		{3FFB3F61-B156-4112-9C5E-7EE1FC070FE5}.DVD-5|Mixed Platforms.Build.0 = Debug|Any CPU
		{3FFB3F61-B156-4112-9C5E-7EE1FC070FE5}.DVD-5|x86.ActiveCfg = Debug|Any CPU
		{3FFB3F61-B156-4112-9C5E-7EE1FC070FE5}.Release|Any CPU.ActiveCfg = Release|Any CPU
		{3FFB3F61-B156-4112-9C5E-7EE1FC070FE5}.Release|Any CPU.Build.0 = Release|Any CPU
		{3FFB3F61-B156-4112-9C5E-7EE1FC070FE5}.Release|Mixed Platforms.ActiveCfg = Release|Any CPU
		{3FFB3F61-B156-4112-9C5E-7EE1FC070FE5}.Release|Mixed Platforms.Build.0 = Release|Any CPU
		{3FFB3F61-B156-4112-9C5E-7EE1FC070FE5}.Release|x86.ActiveCfg = Release|Any CPU
		{3FFB3F61-B156-4112-9C5E-7EE1FC070FE5}.SingleImage|Any CPU.ActiveCfg = Release|Any CPU
		{3FFB3F61-B156-4112-9C5E-7EE1FC070FE5}.SingleImage|Any CPU.Build.0 = Release|Any CPU
		{3FFB3F61-B156-4112-9C5E-7EE1FC070FE5}.SingleImage|Mixed Platforms.ActiveCfg = Release|Any CPU
		{3FFB3F61-B156-4112-9C5E-7EE1FC070FE5}.SingleImage|Mixed Platforms.Build.0 = Release|Any CPU
		{3FFB3F61-B156-4112-9C5E-7EE1FC070FE5}.SingleImage|x86.ActiveCfg = Release|Any CPU
		{3E5D357D-E7A9-4BF5-9079-0484E303FB6E}.CD_ROM|Any CPU.ActiveCfg = Release|Any CPU
		{3E5D357D-E7A9-4BF5-9079-0484E303FB6E}.CD_ROM|Any CPU.Build.0 = Release|Any CPU
		{3E5D357D-E7A9-4BF5-9079-0484E303FB6E}.CD_ROM|Mixed Platforms.ActiveCfg = Release|Any CPU
		{3E5D357D-E7A9-4BF5-9079-0484E303FB6E}.CD_ROM|Mixed Platforms.Build.0 = Release|Any CPU
		{3E5D357D-E7A9-4BF5-9079-0484E303FB6E}.CD_ROM|x86.ActiveCfg = Release|Any CPU
		{3E5D357D-E7A9-4BF5-9079-0484E303FB6E}.Debug.UniqueCode|Any CPU.ActiveCfg = Debug.UniqueCode|Any CPU
		{3E5D357D-E7A9-4BF5-9079-0484E303FB6E}.Debug.UniqueCode|Any CPU.Build.0 = Debug.UniqueCode|Any CPU
		{3E5D357D-E7A9-4BF5-9079-0484E303FB6E}.Debug.UniqueCode|Mixed Platforms.ActiveCfg = Debug.UniqueCode|Any CPU
		{3E5D357D-E7A9-4BF5-9079-0484E303FB6E}.Debug.UniqueCode|Mixed Platforms.Build.0 = Debug.UniqueCode|Any CPU
		{3E5D357D-E7A9-4BF5-9079-0484E303FB6E}.Debug.UniqueCode|x86.ActiveCfg = Debug.UniqueCode|Any CPU
		{3E5D357D-E7A9-4BF5-9079-0484E303FB6E}.Debug|Any CPU.ActiveCfg = Debug|Any CPU
		{3E5D357D-E7A9-4BF5-9079-0484E303FB6E}.Debug|Any CPU.Build.0 = Debug|Any CPU
		{3E5D357D-E7A9-4BF5-9079-0484E303FB6E}.Debug|Mixed Platforms.ActiveCfg = Debug|Any CPU
		{3E5D357D-E7A9-4BF5-9079-0484E303FB6E}.Debug|Mixed Platforms.Build.0 = Debug|Any CPU
		{3E5D357D-E7A9-4BF5-9079-0484E303FB6E}.Debug|x86.ActiveCfg = Debug|Any CPU
		{3E5D357D-E7A9-4BF5-9079-0484E303FB6E}.DVD-5|Any CPU.ActiveCfg = Debug|Any CPU
		{3E5D357D-E7A9-4BF5-9079-0484E303FB6E}.DVD-5|Any CPU.Build.0 = Debug|Any CPU
		{3E5D357D-E7A9-4BF5-9079-0484E303FB6E}.DVD-5|Mixed Platforms.ActiveCfg = Debug|Any CPU
		{3E5D357D-E7A9-4BF5-9079-0484E303FB6E}.DVD-5|Mixed Platforms.Build.0 = Debug|Any CPU
		{3E5D357D-E7A9-4BF5-9079-0484E303FB6E}.DVD-5|x86.ActiveCfg = Debug|Any CPU
		{3E5D357D-E7A9-4BF5-9079-0484E303FB6E}.Release|Any CPU.ActiveCfg = Release|Any CPU
		{3E5D357D-E7A9-4BF5-9079-0484E303FB6E}.Release|Any CPU.Build.0 = Release|Any CPU
		{3E5D357D-E7A9-4BF5-9079-0484E303FB6E}.Release|Mixed Platforms.ActiveCfg = Release|Any CPU
		{3E5D357D-E7A9-4BF5-9079-0484E303FB6E}.Release|Mixed Platforms.Build.0 = Release|Any CPU
		{3E5D357D-E7A9-4BF5-9079-0484E303FB6E}.Release|x86.ActiveCfg = Release|Any CPU
		{3E5D357D-E7A9-4BF5-9079-0484E303FB6E}.SingleImage|Any CPU.ActiveCfg = Release|Any CPU
		{3E5D357D-E7A9-4BF5-9079-0484E303FB6E}.SingleImage|Any CPU.Build.0 = Release|Any CPU
		{3E5D357D-E7A9-4BF5-9079-0484E303FB6E}.SingleImage|Mixed Platforms.ActiveCfg = Release|Any CPU
		{3E5D357D-E7A9-4BF5-9079-0484E303FB6E}.SingleImage|Mixed Platforms.Build.0 = Release|Any CPU
		{3E5D357D-E7A9-4BF5-9079-0484E303FB6E}.SingleImage|x86.ActiveCfg = Release|Any CPU
		{522D227D-139F-4E59-983B-339198A9FDAD}.CD_ROM|Any CPU.ActiveCfg = Release|Any CPU
		{522D227D-139F-4E59-983B-339198A9FDAD}.CD_ROM|Any CPU.Build.0 = Release|Any CPU
		{522D227D-139F-4E59-983B-339198A9FDAD}.CD_ROM|Mixed Platforms.ActiveCfg = Release|Any CPU
		{522D227D-139F-4E59-983B-339198A9FDAD}.CD_ROM|Mixed Platforms.Build.0 = Release|Any CPU
		{522D227D-139F-4E59-983B-339198A9FDAD}.CD_ROM|x86.ActiveCfg = Release|Any CPU
		{522D227D-139F-4E59-983B-339198A9FDAD}.Debug.UniqueCode|Any CPU.ActiveCfg = Debug.UniqueCode|Any CPU
		{522D227D-139F-4E59-983B-339198A9FDAD}.Debug.UniqueCode|Any CPU.Build.0 = Debug.UniqueCode|Any CPU
		{522D227D-139F-4E59-983B-339198A9FDAD}.Debug.UniqueCode|Mixed Platforms.ActiveCfg = Debug.UniqueCode|Any CPU
		{522D227D-139F-4E59-983B-339198A9FDAD}.Debug.UniqueCode|Mixed Platforms.Build.0 = Debug.UniqueCode|Any CPU
		{522D227D-139F-4E59-983B-339198A9FDAD}.Debug.UniqueCode|x86.ActiveCfg = Debug.UniqueCode|Any CPU
		{522D227D-139F-4E59-983B-339198A9FDAD}.Debug|Any CPU.ActiveCfg = Debug|Any CPU
		{522D227D-139F-4E59-983B-339198A9FDAD}.Debug|Any CPU.Build.0 = Debug|Any CPU
		{522D227D-139F-4E59-983B-339198A9FDAD}.Debug|Mixed Platforms.ActiveCfg = Debug|Any CPU
		{522D227D-139F-4E59-983B-339198A9FDAD}.Debug|Mixed Platforms.Build.0 = Debug|Any CPU
		{522D227D-139F-4E59-983B-339198A9FDAD}.Debug|x86.ActiveCfg = Debug|Any CPU
		{522D227D-139F-4E59-983B-339198A9FDAD}.DVD-5|Any CPU.ActiveCfg = Debug|Any CPU
		{522D227D-139F-4E59-983B-339198A9FDAD}.DVD-5|Any CPU.Build.0 = Debug|Any CPU
		{522D227D-139F-4E59-983B-339198A9FDAD}.DVD-5|Mixed Platforms.ActiveCfg = Debug|Any CPU
		{522D227D-139F-4E59-983B-339198A9FDAD}.DVD-5|Mixed Platforms.Build.0 = Debug|Any CPU
		{522D227D-139F-4E59-983B-339198A9FDAD}.DVD-5|x86.ActiveCfg = Debug|Any CPU
		{522D227D-139F-4E59-983B-339198A9FDAD}.Release|Any CPU.ActiveCfg = Release|Any CPU
		{522D227D-139F-4E59-983B-339198A9FDAD}.Release|Any CPU.Build.0 = Release|Any CPU
		{522D227D-139F-4E59-983B-339198A9FDAD}.Release|Mixed Platforms.ActiveCfg = Release|Any CPU
		{522D227D-139F-4E59-983B-339198A9FDAD}.Release|Mixed Platforms.Build.0 = Release|Any CPU
		{522D227D-139F-4E59-983B-339198A9FDAD}.Release|x86.ActiveCfg = Release|Any CPU
		{522D227D-139F-4E59-983B-339198A9FDAD}.SingleImage|Any CPU.ActiveCfg = Release|Any CPU
		{522D227D-139F-4E59-983B-339198A9FDAD}.SingleImage|Any CPU.Build.0 = Release|Any CPU
		{522D227D-139F-4E59-983B-339198A9FDAD}.SingleImage|Mixed Platforms.ActiveCfg = Release|Any CPU
		{522D227D-139F-4E59-983B-339198A9FDAD}.SingleImage|Mixed Platforms.Build.0 = Release|Any CPU
		{522D227D-139F-4E59-983B-339198A9FDAD}.SingleImage|x86.ActiveCfg = Release|Any CPU
		{6C3FD41B-92E6-43F2-93A9-21685917BDAD}.CD_ROM|Any CPU.ActiveCfg = Release|Any CPU
		{6C3FD41B-92E6-43F2-93A9-21685917BDAD}.CD_ROM|Any CPU.Build.0 = Release|Any CPU
		{6C3FD41B-92E6-43F2-93A9-21685917BDAD}.CD_ROM|Mixed Platforms.ActiveCfg = Release|Any CPU
		{6C3FD41B-92E6-43F2-93A9-21685917BDAD}.CD_ROM|Mixed Platforms.Build.0 = Release|Any CPU
		{6C3FD41B-92E6-43F2-93A9-21685917BDAD}.CD_ROM|x86.ActiveCfg = Release|Any CPU
		{6C3FD41B-92E6-43F2-93A9-21685917BDAD}.Debug.UniqueCode|Any CPU.ActiveCfg = Debug.UniqueCode|Any CPU
		{6C3FD41B-92E6-43F2-93A9-21685917BDAD}.Debug.UniqueCode|Any CPU.Build.0 = Debug.UniqueCode|Any CPU
		{6C3FD41B-92E6-43F2-93A9-21685917BDAD}.Debug.UniqueCode|Mixed Platforms.ActiveCfg = Debug.UniqueCode|Any CPU
		{6C3FD41B-92E6-43F2-93A9-21685917BDAD}.Debug.UniqueCode|Mixed Platforms.Build.0 = Debug.UniqueCode|Any CPU
		{6C3FD41B-92E6-43F2-93A9-21685917BDAD}.Debug.UniqueCode|x86.ActiveCfg = Debug.UniqueCode|Any CPU
		{6C3FD41B-92E6-43F2-93A9-21685917BDAD}.Debug|Any CPU.ActiveCfg = Debug|Any CPU
		{6C3FD41B-92E6-43F2-93A9-21685917BDAD}.Debug|Any CPU.Build.0 = Debug|Any CPU
		{6C3FD41B-92E6-43F2-93A9-21685917BDAD}.Debug|Mixed Platforms.ActiveCfg = Debug|Any CPU
		{6C3FD41B-92E6-43F2-93A9-21685917BDAD}.Debug|Mixed Platforms.Build.0 = Debug|Any CPU
		{6C3FD41B-92E6-43F2-93A9-21685917BDAD}.Debug|x86.ActiveCfg = Debug|Any CPU
		{6C3FD41B-92E6-43F2-93A9-21685917BDAD}.DVD-5|Any CPU.ActiveCfg = Debug|Any CPU
		{6C3FD41B-92E6-43F2-93A9-21685917BDAD}.DVD-5|Any CPU.Build.0 = Debug|Any CPU
		{6C3FD41B-92E6-43F2-93A9-21685917BDAD}.DVD-5|Mixed Platforms.ActiveCfg = Debug|Any CPU
		{6C3FD41B-92E6-43F2-93A9-21685917BDAD}.DVD-5|Mixed Platforms.Build.0 = Debug|Any CPU
		{6C3FD41B-92E6-43F2-93A9-21685917BDAD}.DVD-5|x86.ActiveCfg = Debug|Any CPU
		{6C3FD41B-92E6-43F2-93A9-21685917BDAD}.Release|Any CPU.ActiveCfg = Release|Any CPU
		{6C3FD41B-92E6-43F2-93A9-21685917BDAD}.Release|Any CPU.Build.0 = Release|Any CPU
		{6C3FD41B-92E6-43F2-93A9-21685917BDAD}.Release|Mixed Platforms.ActiveCfg = Release|Any CPU
		{6C3FD41B-92E6-43F2-93A9-21685917BDAD}.Release|Mixed Platforms.Build.0 = Release|Any CPU
		{6C3FD41B-92E6-43F2-93A9-21685917BDAD}.Release|x86.ActiveCfg = Release|Any CPU
		{6C3FD41B-92E6-43F2-93A9-21685917BDAD}.SingleImage|Any CPU.ActiveCfg = Release|Any CPU
		{6C3FD41B-92E6-43F2-93A9-21685917BDAD}.SingleImage|Any CPU.Build.0 = Release|Any CPU
		{6C3FD41B-92E6-43F2-93A9-21685917BDAD}.SingleImage|Mixed Platforms.ActiveCfg = Release|Any CPU
		{6C3FD41B-92E6-43F2-93A9-21685917BDAD}.SingleImage|Mixed Platforms.Build.0 = Release|Any CPU
		{6C3FD41B-92E6-43F2-93A9-21685917BDAD}.SingleImage|x86.ActiveCfg = Release|Any CPU
		{34BB9EA6-0350-4482-BCCE-347EEE501DE8}.CD_ROM|Any CPU.ActiveCfg = Release|Any CPU
		{34BB9EA6-0350-4482-BCCE-347EEE501DE8}.CD_ROM|Any CPU.Build.0 = Release|Any CPU
		{34BB9EA6-0350-4482-BCCE-347EEE501DE8}.CD_ROM|Mixed Platforms.ActiveCfg = Release|Any CPU
		{34BB9EA6-0350-4482-BCCE-347EEE501DE8}.CD_ROM|Mixed Platforms.Build.0 = Release|Any CPU
		{34BB9EA6-0350-4482-BCCE-347EEE501DE8}.CD_ROM|x86.ActiveCfg = Release|Any CPU
		{34BB9EA6-0350-4482-BCCE-347EEE501DE8}.Debug.UniqueCode|Any CPU.ActiveCfg = Debug.UniqueCode|Any CPU
		{34BB9EA6-0350-4482-BCCE-347EEE501DE8}.Debug.UniqueCode|Any CPU.Build.0 = Debug.UniqueCode|Any CPU
		{34BB9EA6-0350-4482-BCCE-347EEE501DE8}.Debug.UniqueCode|Mixed Platforms.ActiveCfg = Debug.UniqueCode|Any CPU
		{34BB9EA6-0350-4482-BCCE-347EEE501DE8}.Debug.UniqueCode|Mixed Platforms.Build.0 = Debug.UniqueCode|Any CPU
		{34BB9EA6-0350-4482-BCCE-347EEE501DE8}.Debug.UniqueCode|x86.ActiveCfg = Debug.UniqueCode|Any CPU
		{34BB9EA6-0350-4482-BCCE-347EEE501DE8}.Debug|Any CPU.ActiveCfg = Debug|Any CPU
		{34BB9EA6-0350-4482-BCCE-347EEE501DE8}.Debug|Any CPU.Build.0 = Debug|Any CPU
		{34BB9EA6-0350-4482-BCCE-347EEE501DE8}.Debug|Mixed Platforms.ActiveCfg = Debug|Any CPU
		{34BB9EA6-0350-4482-BCCE-347EEE501DE8}.Debug|Mixed Platforms.Build.0 = Debug|Any CPU
		{34BB9EA6-0350-4482-BCCE-347EEE501DE8}.Debug|x86.ActiveCfg = Debug|Any CPU
		{34BB9EA6-0350-4482-BCCE-347EEE501DE8}.DVD-5|Any CPU.ActiveCfg = Debug|Any CPU
		{34BB9EA6-0350-4482-BCCE-347EEE501DE8}.DVD-5|Any CPU.Build.0 = Debug|Any CPU
		{34BB9EA6-0350-4482-BCCE-347EEE501DE8}.DVD-5|Mixed Platforms.ActiveCfg = Debug|Any CPU
		{34BB9EA6-0350-4482-BCCE-347EEE501DE8}.DVD-5|Mixed Platforms.Build.0 = Debug|Any CPU
		{34BB9EA6-0350-4482-BCCE-347EEE501DE8}.DVD-5|x86.ActiveCfg = Debug|Any CPU
		{34BB9EA6-0350-4482-BCCE-347EEE501DE8}.Release|Any CPU.ActiveCfg = Release|Any CPU
		{34BB9EA6-0350-4482-BCCE-347EEE501DE8}.Release|Any CPU.Build.0 = Release|Any CPU
		{34BB9EA6-0350-4482-BCCE-347EEE501DE8}.Release|Mixed Platforms.ActiveCfg = Release|Any CPU
		{34BB9EA6-0350-4482-BCCE-347EEE501DE8}.Release|Mixed Platforms.Build.0 = Release|Any CPU
		{34BB9EA6-0350-4482-BCCE-347EEE501DE8}.Release|x86.ActiveCfg = Release|Any CPU
		{34BB9EA6-0350-4482-BCCE-347EEE501DE8}.SingleImage|Any CPU.ActiveCfg = Release|Any CPU
		{34BB9EA6-0350-4482-BCCE-347EEE501DE8}.SingleImage|Any CPU.Build.0 = Release|Any CPU
		{34BB9EA6-0350-4482-BCCE-347EEE501DE8}.SingleImage|Mixed Platforms.ActiveCfg = Release|Any CPU
		{34BB9EA6-0350-4482-BCCE-347EEE501DE8}.SingleImage|Mixed Platforms.Build.0 = Release|Any CPU
		{34BB9EA6-0350-4482-BCCE-347EEE501DE8}.SingleImage|x86.ActiveCfg = Release|Any CPU
		{1046DE12-8B0E-45C4-8083-2F13FF58787D}.CD_ROM|Any CPU.ActiveCfg = Release|x86
		{1046DE12-8B0E-45C4-8083-2F13FF58787D}.CD_ROM|Mixed Platforms.ActiveCfg = Release|x86
		{1046DE12-8B0E-45C4-8083-2F13FF58787D}.CD_ROM|Mixed Platforms.Build.0 = Release|x86
		{1046DE12-8B0E-45C4-8083-2F13FF58787D}.CD_ROM|x86.ActiveCfg = Release|x86
		{1046DE12-8B0E-45C4-8083-2F13FF58787D}.CD_ROM|x86.Build.0 = Release|x86
		{1046DE12-8B0E-45C4-8083-2F13FF58787D}.Debug.UniqueCode|Any CPU.ActiveCfg = Debug.UniqueCode|x86
		{1046DE12-8B0E-45C4-8083-2F13FF58787D}.Debug.UniqueCode|Mixed Platforms.ActiveCfg = Debug.UniqueCode|x86
		{1046DE12-8B0E-45C4-8083-2F13FF58787D}.Debug.UniqueCode|Mixed Platforms.Build.0 = Debug.UniqueCode|x86
		{1046DE12-8B0E-45C4-8083-2F13FF58787D}.Debug.UniqueCode|x86.ActiveCfg = Debug.UniqueCode|x86
		{1046DE12-8B0E-45C4-8083-2F13FF58787D}.Debug.UniqueCode|x86.Build.0 = Debug.UniqueCode|x86
		{1046DE12-8B0E-45C4-8083-2F13FF58787D}.Debug|Any CPU.ActiveCfg = Debug|x86
		{1046DE12-8B0E-45C4-8083-2F13FF58787D}.Debug|Mixed Platforms.ActiveCfg = Debug|x86
		{1046DE12-8B0E-45C4-8083-2F13FF58787D}.Debug|Mixed Platforms.Build.0 = Debug|x86
		{1046DE12-8B0E-45C4-8083-2F13FF58787D}.Debug|x86.ActiveCfg = Debug|x86
		{1046DE12-8B0E-45C4-8083-2F13FF58787D}.Debug|x86.Build.0 = Debug|x86
		{1046DE12-8B0E-45C4-8083-2F13FF58787D}.DVD-5|Any CPU.ActiveCfg = Debug|x86
		{1046DE12-8B0E-45C4-8083-2F13FF58787D}.DVD-5|Mixed Platforms.ActiveCfg = Debug|x86
		{1046DE12-8B0E-45C4-8083-2F13FF58787D}.DVD-5|Mixed Platforms.Build.0 = Debug|x86
		{1046DE12-8B0E-45C4-8083-2F13FF58787D}.DVD-5|x86.ActiveCfg = Debug|x86
		{1046DE12-8B0E-45C4-8083-2F13FF58787D}.DVD-5|x86.Build.0 = Debug|x86
		{1046DE12-8B0E-45C4-8083-2F13FF58787D}.Release|Any CPU.ActiveCfg = Release|x86
		{1046DE12-8B0E-45C4-8083-2F13FF58787D}.Release|Mixed Platforms.ActiveCfg = Release|x86
		{1046DE12-8B0E-45C4-8083-2F13FF58787D}.Release|Mixed Platforms.Build.0 = Release|x86
		{1046DE12-8B0E-45C4-8083-2F13FF58787D}.Release|x86.ActiveCfg = Release|x86
		{1046DE12-8B0E-45C4-8083-2F13FF58787D}.Release|x86.Build.0 = Release|x86
		{1046DE12-8B0E-45C4-8083-2F13FF58787D}.SingleImage|Any CPU.ActiveCfg = Release|x86
		{1046DE12-8B0E-45C4-8083-2F13FF58787D}.SingleImage|Mixed Platforms.ActiveCfg = Release|x86
		{1046DE12-8B0E-45C4-8083-2F13FF58787D}.SingleImage|Mixed Platforms.Build.0 = Release|x86
		{1046DE12-8B0E-45C4-8083-2F13FF58787D}.SingleImage|x86.ActiveCfg = Release|x86
		{1046DE12-8B0E-45C4-8083-2F13FF58787D}.SingleImage|x86.Build.0 = Release|x86
		{243CF4E8-08AB-4DAC-A9B2-CD460E983195}.CD_ROM|Any CPU.ActiveCfg = Release|Any CPU
		{243CF4E8-08AB-4DAC-A9B2-CD460E983195}.CD_ROM|Any CPU.Build.0 = Release|Any CPU
		{243CF4E8-08AB-4DAC-A9B2-CD460E983195}.CD_ROM|Mixed Platforms.ActiveCfg = Release|Any CPU
		{243CF4E8-08AB-4DAC-A9B2-CD460E983195}.CD_ROM|Mixed Platforms.Build.0 = Release|Any CPU
		{243CF4E8-08AB-4DAC-A9B2-CD460E983195}.CD_ROM|x86.ActiveCfg = Release|Any CPU
		{243CF4E8-08AB-4DAC-A9B2-CD460E983195}.Debug.UniqueCode|Any CPU.ActiveCfg = Debug.UniqueCode|Any CPU
		{243CF4E8-08AB-4DAC-A9B2-CD460E983195}.Debug.UniqueCode|Any CPU.Build.0 = Debug.UniqueCode|Any CPU
		{243CF4E8-08AB-4DAC-A9B2-CD460E983195}.Debug.UniqueCode|Mixed Platforms.ActiveCfg = Debug.UniqueCode|Any CPU
		{243CF4E8-08AB-4DAC-A9B2-CD460E983195}.Debug.UniqueCode|Mixed Platforms.Build.0 = Debug.UniqueCode|Any CPU
		{243CF4E8-08AB-4DAC-A9B2-CD460E983195}.Debug.UniqueCode|x86.ActiveCfg = Debug.UniqueCode|Any CPU
		{243CF4E8-08AB-4DAC-A9B2-CD460E983195}.Debug|Any CPU.ActiveCfg = Debug|Any CPU
		{243CF4E8-08AB-4DAC-A9B2-CD460E983195}.Debug|Any CPU.Build.0 = Debug|Any CPU
		{243CF4E8-08AB-4DAC-A9B2-CD460E983195}.Debug|Mixed Platforms.ActiveCfg = Debug|Any CPU
		{243CF4E8-08AB-4DAC-A9B2-CD460E983195}.Debug|Mixed Platforms.Build.0 = Debug|Any CPU
		{243CF4E8-08AB-4DAC-A9B2-CD460E983195}.Debug|x86.ActiveCfg = Debug|Any CPU
		{243CF4E8-08AB-4DAC-A9B2-CD460E983195}.DVD-5|Any CPU.ActiveCfg = Debug|Any CPU
		{243CF4E8-08AB-4DAC-A9B2-CD460E983195}.DVD-5|Any CPU.Build.0 = Debug|Any CPU
		{243CF4E8-08AB-4DAC-A9B2-CD460E983195}.DVD-5|Mixed Platforms.ActiveCfg = Debug|Any CPU
		{243CF4E8-08AB-4DAC-A9B2-CD460E983195}.DVD-5|Mixed Platforms.Build.0 = Debug|Any CPU
		{243CF4E8-08AB-4DAC-A9B2-CD460E983195}.DVD-5|x86.ActiveCfg = Debug|Any CPU
		{243CF4E8-08AB-4DAC-A9B2-CD460E983195}.Release|Any CPU.ActiveCfg = Release|Any CPU
		{243CF4E8-08AB-4DAC-A9B2-CD460E983195}.Release|Any CPU.Build.0 = Release|Any CPU
		{243CF4E8-08AB-4DAC-A9B2-CD460E983195}.Release|Mixed Platforms.ActiveCfg = Release|Any CPU
		{243CF4E8-08AB-4DAC-A9B2-CD460E983195}.Release|Mixed Platforms.Build.0 = Release|Any CPU
		{243CF4E8-08AB-4DAC-A9B2-CD460E983195}.Release|x86.ActiveCfg = Release|Any CPU
		{243CF4E8-08AB-4DAC-A9B2-CD460E983195}.SingleImage|Any CPU.ActiveCfg = Release|Any CPU
		{243CF4E8-08AB-4DAC-A9B2-CD460E983195}.SingleImage|Any CPU.Build.0 = Release|Any CPU
		{243CF4E8-08AB-4DAC-A9B2-CD460E983195}.SingleImage|Mixed Platforms.ActiveCfg = Release|Any CPU
		{243CF4E8-08AB-4DAC-A9B2-CD460E983195}.SingleImage|Mixed Platforms.Build.0 = Release|Any CPU
		{243CF4E8-08AB-4DAC-A9B2-CD460E983195}.SingleImage|x86.ActiveCfg = Release|Any CPU
		{D0FB639A-65F2-47C9-9DBB-B61BB8ED13E7}.CD_ROM|Any CPU.ActiveCfg = Release|Any CPU
		{D0FB639A-65F2-47C9-9DBB-B61BB8ED13E7}.CD_ROM|Any CPU.Build.0 = Release|Any CPU
		{D0FB639A-65F2-47C9-9DBB-B61BB8ED13E7}.CD_ROM|Mixed Platforms.ActiveCfg = Release|Any CPU
		{D0FB639A-65F2-47C9-9DBB-B61BB8ED13E7}.CD_ROM|Mixed Platforms.Build.0 = Release|Any CPU
		{D0FB639A-65F2-47C9-9DBB-B61BB8ED13E7}.CD_ROM|x86.ActiveCfg = Release|Any CPU
		{D0FB639A-65F2-47C9-9DBB-B61BB8ED13E7}.Debug.UniqueCode|Any CPU.ActiveCfg = Debug.UniqueCode|Any CPU
		{D0FB639A-65F2-47C9-9DBB-B61BB8ED13E7}.Debug.UniqueCode|Any CPU.Build.0 = Debug.UniqueCode|Any CPU
		{D0FB639A-65F2-47C9-9DBB-B61BB8ED13E7}.Debug.UniqueCode|Mixed Platforms.ActiveCfg = Debug.UniqueCode|Any CPU
		{D0FB639A-65F2-47C9-9DBB-B61BB8ED13E7}.Debug.UniqueCode|Mixed Platforms.Build.0 = Debug.UniqueCode|Any CPU
		{D0FB639A-65F2-47C9-9DBB-B61BB8ED13E7}.Debug.UniqueCode|x86.ActiveCfg = Debug.UniqueCode|Any CPU
		{D0FB639A-65F2-47C9-9DBB-B61BB8ED13E7}.Debug|Any CPU.ActiveCfg = Debug|Any CPU
		{D0FB639A-65F2-47C9-9DBB-B61BB8ED13E7}.Debug|Any CPU.Build.0 = Debug|Any CPU
		{D0FB639A-65F2-47C9-9DBB-B61BB8ED13E7}.Debug|Mixed Platforms.ActiveCfg = Debug|Any CPU
		{D0FB639A-65F2-47C9-9DBB-B61BB8ED13E7}.Debug|Mixed Platforms.Build.0 = Debug|Any CPU
		{D0FB639A-65F2-47C9-9DBB-B61BB8ED13E7}.Debug|x86.ActiveCfg = Debug|Any CPU
		{D0FB639A-65F2-47C9-9DBB-B61BB8ED13E7}.DVD-5|Any CPU.ActiveCfg = Debug|Any CPU
		{D0FB639A-65F2-47C9-9DBB-B61BB8ED13E7}.DVD-5|Any CPU.Build.0 = Debug|Any CPU
		{D0FB639A-65F2-47C9-9DBB-B61BB8ED13E7}.DVD-5|Mixed Platforms.ActiveCfg = Debug|Any CPU
		{D0FB639A-65F2-47C9-9DBB-B61BB8ED13E7}.DVD-5|Mixed Platforms.Build.0 = Debug|Any CPU
		{D0FB639A-65F2-47C9-9DBB-B61BB8ED13E7}.DVD-5|x86.ActiveCfg = Debug|Any CPU
		{D0FB639A-65F2-47C9-9DBB-B61BB8ED13E7}.Release|Any CPU.ActiveCfg = Release|Any CPU
		{D0FB639A-65F2-47C9-9DBB-B61BB8ED13E7}.Release|Any CPU.Build.0 = Release|Any CPU
		{D0FB639A-65F2-47C9-9DBB-B61BB8ED13E7}.Release|Mixed Platforms.ActiveCfg = Release|Any CPU
		{D0FB639A-65F2-47C9-9DBB-B61BB8ED13E7}.Release|Mixed Platforms.Build.0 = Release|Any CPU
		{D0FB639A-65F2-47C9-9DBB-B61BB8ED13E7}.Release|x86.ActiveCfg = Release|Any CPU
		{D0FB639A-65F2-47C9-9DBB-B61BB8ED13E7}.SingleImage|Any CPU.ActiveCfg = Release|Any CPU
		{D0FB639A-65F2-47C9-9DBB-B61BB8ED13E7}.SingleImage|Any CPU.Build.0 = Release|Any CPU
		{D0FB639A-65F2-47C9-9DBB-B61BB8ED13E7}.SingleImage|Mixed Platforms.ActiveCfg = Release|Any CPU
		{D0FB639A-65F2-47C9-9DBB-B61BB8ED13E7}.SingleImage|Mixed Platforms.Build.0 = Release|Any CPU
		{D0FB639A-65F2-47C9-9DBB-B61BB8ED13E7}.SingleImage|x86.ActiveCfg = Release|Any CPU
		{55AB3F23-DC57-44CC-9B78-111F6ABA936F}.CD_ROM|Any CPU.ActiveCfg = Release|Any CPU
		{55AB3F23-DC57-44CC-9B78-111F6ABA936F}.CD_ROM|Any CPU.Build.0 = Release|Any CPU
		{55AB3F23-DC57-44CC-9B78-111F6ABA936F}.CD_ROM|Mixed Platforms.ActiveCfg = Release|Any CPU
		{55AB3F23-DC57-44CC-9B78-111F6ABA936F}.CD_ROM|Mixed Platforms.Build.0 = Release|Any CPU
		{55AB3F23-DC57-44CC-9B78-111F6ABA936F}.CD_ROM|x86.ActiveCfg = Release|Any CPU
		{55AB3F23-DC57-44CC-9B78-111F6ABA936F}.Debug.UniqueCode|Any CPU.ActiveCfg = Debug.UniqueCode|Any CPU
		{55AB3F23-DC57-44CC-9B78-111F6ABA936F}.Debug.UniqueCode|Any CPU.Build.0 = Debug.UniqueCode|Any CPU
		{55AB3F23-DC57-44CC-9B78-111F6ABA936F}.Debug.UniqueCode|Mixed Platforms.ActiveCfg = Debug.UniqueCode|Any CPU
		{55AB3F23-DC57-44CC-9B78-111F6ABA936F}.Debug.UniqueCode|Mixed Platforms.Build.0 = Debug.UniqueCode|Any CPU
		{55AB3F23-DC57-44CC-9B78-111F6ABA936F}.Debug.UniqueCode|x86.ActiveCfg = Debug.UniqueCode|Any CPU
		{55AB3F23-DC57-44CC-9B78-111F6ABA936F}.Debug|Any CPU.ActiveCfg = Debug|Any CPU
		{55AB3F23-DC57-44CC-9B78-111F6ABA936F}.Debug|Any CPU.Build.0 = Debug|Any CPU
		{55AB3F23-DC57-44CC-9B78-111F6ABA936F}.Debug|Mixed Platforms.ActiveCfg = Debug|Any CPU
		{55AB3F23-DC57-44CC-9B78-111F6ABA936F}.Debug|Mixed Platforms.Build.0 = Debug|Any CPU
		{55AB3F23-DC57-44CC-9B78-111F6ABA936F}.Debug|x86.ActiveCfg = Debug|Any CPU
		{55AB3F23-DC57-44CC-9B78-111F6ABA936F}.DVD-5|Any CPU.ActiveCfg = Debug|Any CPU
		{55AB3F23-DC57-44CC-9B78-111F6ABA936F}.DVD-5|Any CPU.Build.0 = Debug|Any CPU
		{55AB3F23-DC57-44CC-9B78-111F6ABA936F}.DVD-5|Mixed Platforms.ActiveCfg = Debug|Any CPU
		{55AB3F23-DC57-44CC-9B78-111F6ABA936F}.DVD-5|Mixed Platforms.Build.0 = Debug|Any CPU
		{55AB3F23-DC57-44CC-9B78-111F6ABA936F}.DVD-5|x86.ActiveCfg = Debug|Any CPU
		{55AB3F23-DC57-44CC-9B78-111F6ABA936F}.Release|Any CPU.ActiveCfg = Release|Any CPU
		{55AB3F23-DC57-44CC-9B78-111F6ABA936F}.Release|Any CPU.Build.0 = Release|Any CPU
		{55AB3F23-DC57-44CC-9B78-111F6ABA936F}.Release|Mixed Platforms.ActiveCfg = Release|Any CPU
		{55AB3F23-DC57-44CC-9B78-111F6ABA936F}.Release|Mixed Platforms.Build.0 = Release|Any CPU
		{55AB3F23-DC57-44CC-9B78-111F6ABA936F}.Release|x86.ActiveCfg = Release|Any CPU
		{55AB3F23-DC57-44CC-9B78-111F6ABA936F}.SingleImage|Any CPU.ActiveCfg = Release|Any CPU
		{55AB3F23-DC57-44CC-9B78-111F6ABA936F}.SingleImage|Any CPU.Build.0 = Release|Any CPU
		{55AB3F23-DC57-44CC-9B78-111F6ABA936F}.SingleImage|Mixed Platforms.ActiveCfg = Release|Any CPU
		{55AB3F23-DC57-44CC-9B78-111F6ABA936F}.SingleImage|Mixed Platforms.Build.0 = Release|Any CPU
		{55AB3F23-DC57-44CC-9B78-111F6ABA936F}.SingleImage|x86.ActiveCfg = Release|Any CPU
		{1B328CA3-BFF9-4FFD-8214-EF603465355E}.CD_ROM|Any CPU.ActiveCfg = Release|Any CPU
		{1B328CA3-BFF9-4FFD-8214-EF603465355E}.CD_ROM|Any CPU.Build.0 = Release|Any CPU
		{1B328CA3-BFF9-4FFD-8214-EF603465355E}.CD_ROM|Mixed Platforms.ActiveCfg = Release|Any CPU
		{1B328CA3-BFF9-4FFD-8214-EF603465355E}.CD_ROM|Mixed Platforms.Build.0 = Release|Any CPU
		{1B328CA3-BFF9-4FFD-8214-EF603465355E}.CD_ROM|x86.ActiveCfg = Release|Any CPU
		{1B328CA3-BFF9-4FFD-8214-EF603465355E}.Debug.UniqueCode|Any CPU.ActiveCfg = Debug.UniqueCode|Any CPU
		{1B328CA3-BFF9-4FFD-8214-EF603465355E}.Debug.UniqueCode|Any CPU.Build.0 = Debug.UniqueCode|Any CPU
		{1B328CA3-BFF9-4FFD-8214-EF603465355E}.Debug.UniqueCode|Mixed Platforms.ActiveCfg = Debug.UniqueCode|Any CPU
		{1B328CA3-BFF9-4FFD-8214-EF603465355E}.Debug.UniqueCode|Mixed Platforms.Build.0 = Debug.UniqueCode|Any CPU
		{1B328CA3-BFF9-4FFD-8214-EF603465355E}.Debug.UniqueCode|x86.ActiveCfg = Debug.UniqueCode|Any CPU
		{1B328CA3-BFF9-4FFD-8214-EF603465355E}.Debug|Any CPU.ActiveCfg = Debug|Any CPU
		{1B328CA3-BFF9-4FFD-8214-EF603465355E}.Debug|Any CPU.Build.0 = Debug|Any CPU
		{1B328CA3-BFF9-4FFD-8214-EF603465355E}.Debug|Mixed Platforms.ActiveCfg = Debug|Any CPU
		{1B328CA3-BFF9-4FFD-8214-EF603465355E}.Debug|Mixed Platforms.Build.0 = Debug|Any CPU
		{1B328CA3-BFF9-4FFD-8214-EF603465355E}.Debug|x86.ActiveCfg = Debug|Any CPU
		{1B328CA3-BFF9-4FFD-8214-EF603465355E}.DVD-5|Any CPU.ActiveCfg = Debug|Any CPU
		{1B328CA3-BFF9-4FFD-8214-EF603465355E}.DVD-5|Any CPU.Build.0 = Debug|Any CPU
		{1B328CA3-BFF9-4FFD-8214-EF603465355E}.DVD-5|Mixed Platforms.ActiveCfg = Debug|Any CPU
		{1B328CA3-BFF9-4FFD-8214-EF603465355E}.DVD-5|Mixed Platforms.Build.0 = Debug|Any CPU
		{1B328CA3-BFF9-4FFD-8214-EF603465355E}.DVD-5|x86.ActiveCfg = Debug|Any CPU
		{1B328CA3-BFF9-4FFD-8214-EF603465355E}.Release|Any CPU.ActiveCfg = Release|Any CPU
		{1B328CA3-BFF9-4FFD-8214-EF603465355E}.Release|Any CPU.Build.0 = Release|Any CPU
		{1B328CA3-BFF9-4FFD-8214-EF603465355E}.Release|Mixed Platforms.ActiveCfg = Release|Any CPU
		{1B328CA3-BFF9-4FFD-8214-EF603465355E}.Release|Mixed Platforms.Build.0 = Release|Any CPU
		{1B328CA3-BFF9-4FFD-8214-EF603465355E}.Release|x86.ActiveCfg = Release|Any CPU
		{1B328CA3-BFF9-4FFD-8214-EF603465355E}.SingleImage|Any CPU.ActiveCfg = Release|Any CPU
		{1B328CA3-BFF9-4FFD-8214-EF603465355E}.SingleImage|Any CPU.Build.0 = Release|Any CPU
		{1B328CA3-BFF9-4FFD-8214-EF603465355E}.SingleImage|Mixed Platforms.ActiveCfg = Release|Any CPU
		{1B328CA3-BFF9-4FFD-8214-EF603465355E}.SingleImage|Mixed Platforms.Build.0 = Release|Any CPU
		{1B328CA3-BFF9-4FFD-8214-EF603465355E}.SingleImage|x86.ActiveCfg = Release|Any CPU
		{3D521D68-094F-46C8-9877-A2009EA1CAD5}.CD_ROM|Any CPU.ActiveCfg = Release|Any CPU
		{3D521D68-094F-46C8-9877-A2009EA1CAD5}.CD_ROM|Any CPU.Build.0 = Release|Any CPU
		{3D521D68-094F-46C8-9877-A2009EA1CAD5}.CD_ROM|Mixed Platforms.ActiveCfg = Release|Any CPU
		{3D521D68-094F-46C8-9877-A2009EA1CAD5}.CD_ROM|Mixed Platforms.Build.0 = Release|Any CPU
		{3D521D68-094F-46C8-9877-A2009EA1CAD5}.CD_ROM|x86.ActiveCfg = Release|Any CPU
		{3D521D68-094F-46C8-9877-A2009EA1CAD5}.Debug.UniqueCode|Any CPU.ActiveCfg = Debug.UniqueCode|Any CPU
		{3D521D68-094F-46C8-9877-A2009EA1CAD5}.Debug.UniqueCode|Any CPU.Build.0 = Debug.UniqueCode|Any CPU
		{3D521D68-094F-46C8-9877-A2009EA1CAD5}.Debug.UniqueCode|Mixed Platforms.ActiveCfg = Debug.UniqueCode|Any CPU
		{3D521D68-094F-46C8-9877-A2009EA1CAD5}.Debug.UniqueCode|Mixed Platforms.Build.0 = Debug.UniqueCode|Any CPU
		{3D521D68-094F-46C8-9877-A2009EA1CAD5}.Debug.UniqueCode|x86.ActiveCfg = Debug.UniqueCode|Any CPU
		{3D521D68-094F-46C8-9877-A2009EA1CAD5}.Debug|Any CPU.ActiveCfg = Debug|Any CPU
		{3D521D68-094F-46C8-9877-A2009EA1CAD5}.Debug|Any CPU.Build.0 = Debug|Any CPU
		{3D521D68-094F-46C8-9877-A2009EA1CAD5}.Debug|Mixed Platforms.ActiveCfg = Debug|Any CPU
		{3D521D68-094F-46C8-9877-A2009EA1CAD5}.Debug|Mixed Platforms.Build.0 = Debug|Any CPU
		{3D521D68-094F-46C8-9877-A2009EA1CAD5}.Debug|x86.ActiveCfg = Debug|Any CPU
		{3D521D68-094F-46C8-9877-A2009EA1CAD5}.DVD-5|Any CPU.ActiveCfg = Debug|Any CPU
		{3D521D68-094F-46C8-9877-A2009EA1CAD5}.DVD-5|Any CPU.Build.0 = Debug|Any CPU
		{3D521D68-094F-46C8-9877-A2009EA1CAD5}.DVD-5|Mixed Platforms.ActiveCfg = Debug|Any CPU
		{3D521D68-094F-46C8-9877-A2009EA1CAD5}.DVD-5|Mixed Platforms.Build.0 = Debug|Any CPU
		{3D521D68-094F-46C8-9877-A2009EA1CAD5}.DVD-5|x86.ActiveCfg = Debug|Any CPU
		{3D521D68-094F-46C8-9877-A2009EA1CAD5}.Release|Any CPU.ActiveCfg = Release|Any CPU
		{3D521D68-094F-46C8-9877-A2009EA1CAD5}.Release|Any CPU.Build.0 = Release|Any CPU
		{3D521D68-094F-46C8-9877-A2009EA1CAD5}.Release|Mixed Platforms.ActiveCfg = Release|Any CPU
		{3D521D68-094F-46C8-9877-A2009EA1CAD5}.Release|Mixed Platforms.Build.0 = Release|Any CPU
		{3D521D68-094F-46C8-9877-A2009EA1CAD5}.Release|x86.ActiveCfg = Release|Any CPU
		{3D521D68-094F-46C8-9877-A2009EA1CAD5}.SingleImage|Any CPU.ActiveCfg = Release|Any CPU
		{3D521D68-094F-46C8-9877-A2009EA1CAD5}.SingleImage|Any CPU.Build.0 = Release|Any CPU
		{3D521D68-094F-46C8-9877-A2009EA1CAD5}.SingleImage|Mixed Platforms.ActiveCfg = Release|Any CPU
		{3D521D68-094F-46C8-9877-A2009EA1CAD5}.SingleImage|Mixed Platforms.Build.0 = Release|Any CPU
		{3D521D68-094F-46C8-9877-A2009EA1CAD5}.SingleImage|x86.ActiveCfg = Release|Any CPU
		{74475E85-8EFD-4AE3-811E-9251D423F2ED}.CD_ROM|Any CPU.ActiveCfg = Release|Any CPU
		{74475E85-8EFD-4AE3-811E-9251D423F2ED}.CD_ROM|Any CPU.Build.0 = Release|Any CPU
		{74475E85-8EFD-4AE3-811E-9251D423F2ED}.CD_ROM|Mixed Platforms.ActiveCfg = Release|Any CPU
		{74475E85-8EFD-4AE3-811E-9251D423F2ED}.CD_ROM|Mixed Platforms.Build.0 = Release|Any CPU
		{74475E85-8EFD-4AE3-811E-9251D423F2ED}.CD_ROM|x86.ActiveCfg = Release|Any CPU
		{74475E85-8EFD-4AE3-811E-9251D423F2ED}.Debug.UniqueCode|Any CPU.ActiveCfg = Debug.UniqueCode|Any CPU
		{74475E85-8EFD-4AE3-811E-9251D423F2ED}.Debug.UniqueCode|Any CPU.Build.0 = Debug.UniqueCode|Any CPU
		{74475E85-8EFD-4AE3-811E-9251D423F2ED}.Debug.UniqueCode|Mixed Platforms.ActiveCfg = Debug.UniqueCode|Any CPU
		{74475E85-8EFD-4AE3-811E-9251D423F2ED}.Debug.UniqueCode|Mixed Platforms.Build.0 = Debug.UniqueCode|Any CPU
		{74475E85-8EFD-4AE3-811E-9251D423F2ED}.Debug.UniqueCode|x86.ActiveCfg = Debug.UniqueCode|Any CPU
		{74475E85-8EFD-4AE3-811E-9251D423F2ED}.Debug|Any CPU.ActiveCfg = Debug|Any CPU
		{74475E85-8EFD-4AE3-811E-9251D423F2ED}.Debug|Any CPU.Build.0 = Debug|Any CPU
		{74475E85-8EFD-4AE3-811E-9251D423F2ED}.Debug|Mixed Platforms.ActiveCfg = Debug|Any CPU
		{74475E85-8EFD-4AE3-811E-9251D423F2ED}.Debug|Mixed Platforms.Build.0 = Debug|Any CPU
		{74475E85-8EFD-4AE3-811E-9251D423F2ED}.Debug|x86.ActiveCfg = Debug|Any CPU
		{74475E85-8EFD-4AE3-811E-9251D423F2ED}.DVD-5|Any CPU.ActiveCfg = Debug|Any CPU
		{74475E85-8EFD-4AE3-811E-9251D423F2ED}.DVD-5|Any CPU.Build.0 = Debug|Any CPU
		{74475E85-8EFD-4AE3-811E-9251D423F2ED}.DVD-5|Mixed Platforms.ActiveCfg = Debug|Any CPU
		{74475E85-8EFD-4AE3-811E-9251D423F2ED}.DVD-5|Mixed Platforms.Build.0 = Debug|Any CPU
		{74475E85-8EFD-4AE3-811E-9251D423F2ED}.DVD-5|x86.ActiveCfg = Debug|Any CPU
		{74475E85-8EFD-4AE3-811E-9251D423F2ED}.Release|Any CPU.ActiveCfg = Release|Any CPU
		{74475E85-8EFD-4AE3-811E-9251D423F2ED}.Release|Any CPU.Build.0 = Release|Any CPU
		{74475E85-8EFD-4AE3-811E-9251D423F2ED}.Release|Mixed Platforms.ActiveCfg = Release|Any CPU
		{74475E85-8EFD-4AE3-811E-9251D423F2ED}.Release|Mixed Platforms.Build.0 = Release|Any CPU
		{74475E85-8EFD-4AE3-811E-9251D423F2ED}.Release|x86.ActiveCfg = Release|Any CPU
		{74475E85-8EFD-4AE3-811E-9251D423F2ED}.SingleImage|Any CPU.ActiveCfg = Release|Any CPU
		{74475E85-8EFD-4AE3-811E-9251D423F2ED}.SingleImage|Any CPU.Build.0 = Release|Any CPU
		{74475E85-8EFD-4AE3-811E-9251D423F2ED}.SingleImage|Mixed Platforms.ActiveCfg = Release|Any CPU
		{74475E85-8EFD-4AE3-811E-9251D423F2ED}.SingleImage|Mixed Platforms.Build.0 = Release|Any CPU
		{74475E85-8EFD-4AE3-811E-9251D423F2ED}.SingleImage|x86.ActiveCfg = Release|Any CPU
		{1CE10888-2818-4318-BAD1-1D95290CDA2B}.CD_ROM|Any CPU.ActiveCfg = Release|Any CPU
		{1CE10888-2818-4318-BAD1-1D95290CDA2B}.CD_ROM|Any CPU.Build.0 = Release|Any CPU
		{1CE10888-2818-4318-BAD1-1D95290CDA2B}.CD_ROM|Mixed Platforms.ActiveCfg = Release|Any CPU
		{1CE10888-2818-4318-BAD1-1D95290CDA2B}.CD_ROM|Mixed Platforms.Build.0 = Release|Any CPU
		{1CE10888-2818-4318-BAD1-1D95290CDA2B}.CD_ROM|x86.ActiveCfg = Release|Any CPU
		{1CE10888-2818-4318-BAD1-1D95290CDA2B}.Debug.UniqueCode|Any CPU.ActiveCfg = Debug.UniqueCode|Any CPU
		{1CE10888-2818-4318-BAD1-1D95290CDA2B}.Debug.UniqueCode|Any CPU.Build.0 = Debug.UniqueCode|Any CPU
		{1CE10888-2818-4318-BAD1-1D95290CDA2B}.Debug.UniqueCode|Mixed Platforms.ActiveCfg = Debug.UniqueCode|Any CPU
		{1CE10888-2818-4318-BAD1-1D95290CDA2B}.Debug.UniqueCode|Mixed Platforms.Build.0 = Debug.UniqueCode|Any CPU
		{1CE10888-2818-4318-BAD1-1D95290CDA2B}.Debug.UniqueCode|x86.ActiveCfg = Debug.UniqueCode|Any CPU
		{1CE10888-2818-4318-BAD1-1D95290CDA2B}.Debug|Any CPU.ActiveCfg = Debug|Any CPU
		{1CE10888-2818-4318-BAD1-1D95290CDA2B}.Debug|Any CPU.Build.0 = Debug|Any CPU
		{1CE10888-2818-4318-BAD1-1D95290CDA2B}.Debug|Mixed Platforms.ActiveCfg = Debug|Any CPU
		{1CE10888-2818-4318-BAD1-1D95290CDA2B}.Debug|Mixed Platforms.Build.0 = Debug|Any CPU
		{1CE10888-2818-4318-BAD1-1D95290CDA2B}.Debug|x86.ActiveCfg = Debug|Any CPU
		{1CE10888-2818-4318-BAD1-1D95290CDA2B}.DVD-5|Any CPU.ActiveCfg = Debug|Any CPU
		{1CE10888-2818-4318-BAD1-1D95290CDA2B}.DVD-5|Any CPU.Build.0 = Debug|Any CPU
		{1CE10888-2818-4318-BAD1-1D95290CDA2B}.DVD-5|Mixed Platforms.ActiveCfg = Debug|Any CPU
		{1CE10888-2818-4318-BAD1-1D95290CDA2B}.DVD-5|Mixed Platforms.Build.0 = Debug|Any CPU
		{1CE10888-2818-4318-BAD1-1D95290CDA2B}.DVD-5|x86.ActiveCfg = Debug|Any CPU
		{1CE10888-2818-4318-BAD1-1D95290CDA2B}.Release|Any CPU.ActiveCfg = Release|Any CPU
		{1CE10888-2818-4318-BAD1-1D95290CDA2B}.Release|Any CPU.Build.0 = Release|Any CPU
		{1CE10888-2818-4318-BAD1-1D95290CDA2B}.Release|Mixed Platforms.ActiveCfg = Release|Any CPU
		{1CE10888-2818-4318-BAD1-1D95290CDA2B}.Release|Mixed Platforms.Build.0 = Release|Any CPU
		{1CE10888-2818-4318-BAD1-1D95290CDA2B}.Release|x86.ActiveCfg = Release|Any CPU
		{1CE10888-2818-4318-BAD1-1D95290CDA2B}.SingleImage|Any CPU.ActiveCfg = Release|Any CPU
		{1CE10888-2818-4318-BAD1-1D95290CDA2B}.SingleImage|Any CPU.Build.0 = Release|Any CPU
		{1CE10888-2818-4318-BAD1-1D95290CDA2B}.SingleImage|Mixed Platforms.ActiveCfg = Release|Any CPU
		{1CE10888-2818-4318-BAD1-1D95290CDA2B}.SingleImage|Mixed Platforms.Build.0 = Release|Any CPU
		{1CE10888-2818-4318-BAD1-1D95290CDA2B}.SingleImage|x86.ActiveCfg = Release|Any CPU
		{EB7978E6-7F0C-4911-9558-D3AC239CE88B}.CD_ROM|Any CPU.ActiveCfg = Release|Any CPU
		{EB7978E6-7F0C-4911-9558-D3AC239CE88B}.CD_ROM|Any CPU.Build.0 = Release|Any CPU
		{EB7978E6-7F0C-4911-9558-D3AC239CE88B}.CD_ROM|Mixed Platforms.ActiveCfg = Release|Any CPU
		{EB7978E6-7F0C-4911-9558-D3AC239CE88B}.CD_ROM|Mixed Platforms.Build.0 = Release|Any CPU
		{EB7978E6-7F0C-4911-9558-D3AC239CE88B}.CD_ROM|x86.ActiveCfg = Release|Any CPU
		{EB7978E6-7F0C-4911-9558-D3AC239CE88B}.Debug.UniqueCode|Any CPU.ActiveCfg = Debug.UniqueCode|Any CPU
		{EB7978E6-7F0C-4911-9558-D3AC239CE88B}.Debug.UniqueCode|Any CPU.Build.0 = Debug.UniqueCode|Any CPU
		{EB7978E6-7F0C-4911-9558-D3AC239CE88B}.Debug.UniqueCode|Mixed Platforms.ActiveCfg = Debug.UniqueCode|Any CPU
		{EB7978E6-7F0C-4911-9558-D3AC239CE88B}.Debug.UniqueCode|Mixed Platforms.Build.0 = Debug.UniqueCode|Any CPU
		{EB7978E6-7F0C-4911-9558-D3AC239CE88B}.Debug.UniqueCode|x86.ActiveCfg = Debug.UniqueCode|Any CPU
		{EB7978E6-7F0C-4911-9558-D3AC239CE88B}.Debug|Any CPU.ActiveCfg = Debug|Any CPU
		{EB7978E6-7F0C-4911-9558-D3AC239CE88B}.Debug|Any CPU.Build.0 = Debug|Any CPU
		{EB7978E6-7F0C-4911-9558-D3AC239CE88B}.Debug|Mixed Platforms.ActiveCfg = Debug|Any CPU
		{EB7978E6-7F0C-4911-9558-D3AC239CE88B}.Debug|Mixed Platforms.Build.0 = Debug|Any CPU
		{EB7978E6-7F0C-4911-9558-D3AC239CE88B}.Debug|x86.ActiveCfg = Debug|Any CPU
		{EB7978E6-7F0C-4911-9558-D3AC239CE88B}.DVD-5|Any CPU.ActiveCfg = Debug|Any CPU
		{EB7978E6-7F0C-4911-9558-D3AC239CE88B}.DVD-5|Any CPU.Build.0 = Debug|Any CPU
		{EB7978E6-7F0C-4911-9558-D3AC239CE88B}.DVD-5|Mixed Platforms.ActiveCfg = Debug|Any CPU
		{EB7978E6-7F0C-4911-9558-D3AC239CE88B}.DVD-5|Mixed Platforms.Build.0 = Debug|Any CPU
		{EB7978E6-7F0C-4911-9558-D3AC239CE88B}.DVD-5|x86.ActiveCfg = Debug|Any CPU
		{EB7978E6-7F0C-4911-9558-D3AC239CE88B}.Release|Any CPU.ActiveCfg = Release|Any CPU
		{EB7978E6-7F0C-4911-9558-D3AC239CE88B}.Release|Any CPU.Build.0 = Release|Any CPU
		{EB7978E6-7F0C-4911-9558-D3AC239CE88B}.Release|Mixed Platforms.ActiveCfg = Release|Any CPU
		{EB7978E6-7F0C-4911-9558-D3AC239CE88B}.Release|Mixed Platforms.Build.0 = Release|Any CPU
		{EB7978E6-7F0C-4911-9558-D3AC239CE88B}.Release|x86.ActiveCfg = Release|Any CPU
		{EB7978E6-7F0C-4911-9558-D3AC239CE88B}.SingleImage|Any CPU.ActiveCfg = Release|Any CPU
		{EB7978E6-7F0C-4911-9558-D3AC239CE88B}.SingleImage|Any CPU.Build.0 = Release|Any CPU
		{EB7978E6-7F0C-4911-9558-D3AC239CE88B}.SingleImage|Mixed Platforms.ActiveCfg = Release|Any CPU
		{EB7978E6-7F0C-4911-9558-D3AC239CE88B}.SingleImage|Mixed Platforms.Build.0 = Release|Any CPU
		{EB7978E6-7F0C-4911-9558-D3AC239CE88B}.SingleImage|x86.ActiveCfg = Release|Any CPU
		{314468CB-28EB-40F2-BA15-0AC5743E9B2B}.CD_ROM|Any CPU.ActiveCfg = Release|Any CPU
		{314468CB-28EB-40F2-BA15-0AC5743E9B2B}.CD_ROM|Any CPU.Build.0 = Release|Any CPU
		{314468CB-28EB-40F2-BA15-0AC5743E9B2B}.CD_ROM|Mixed Platforms.ActiveCfg = Release|Any CPU
		{314468CB-28EB-40F2-BA15-0AC5743E9B2B}.CD_ROM|Mixed Platforms.Build.0 = Release|Any CPU
		{314468CB-28EB-40F2-BA15-0AC5743E9B2B}.CD_ROM|x86.ActiveCfg = Release|Any CPU
		{314468CB-28EB-40F2-BA15-0AC5743E9B2B}.Debug.UniqueCode|Any CPU.ActiveCfg = Debug|Any CPU
		{314468CB-28EB-40F2-BA15-0AC5743E9B2B}.Debug.UniqueCode|Any CPU.Build.0 = Debug|Any CPU
		{314468CB-28EB-40F2-BA15-0AC5743E9B2B}.Debug.UniqueCode|Mixed Platforms.ActiveCfg = Debug.UniqueCode|Any CPU
		{314468CB-28EB-40F2-BA15-0AC5743E9B2B}.Debug.UniqueCode|Mixed Platforms.Build.0 = Debug.UniqueCode|Any CPU
		{314468CB-28EB-40F2-BA15-0AC5743E9B2B}.Debug.UniqueCode|x86.ActiveCfg = Debug|Any CPU
		{314468CB-28EB-40F2-BA15-0AC5743E9B2B}.Debug|Any CPU.ActiveCfg = Debug|Any CPU
		{314468CB-28EB-40F2-BA15-0AC5743E9B2B}.Debug|Any CPU.Build.0 = Debug|Any CPU
		{314468CB-28EB-40F2-BA15-0AC5743E9B2B}.Debug|Mixed Platforms.ActiveCfg = Debug|Any CPU
		{314468CB-28EB-40F2-BA15-0AC5743E9B2B}.Debug|Mixed Platforms.Build.0 = Debug|Any CPU
		{314468CB-28EB-40F2-BA15-0AC5743E9B2B}.Debug|x86.ActiveCfg = Debug|Any CPU
		{314468CB-28EB-40F2-BA15-0AC5743E9B2B}.DVD-5|Any CPU.ActiveCfg = Debug.UniqueCode|Any CPU
		{314468CB-28EB-40F2-BA15-0AC5743E9B2B}.DVD-5|Any CPU.Build.0 = Debug.UniqueCode|Any CPU
		{314468CB-28EB-40F2-BA15-0AC5743E9B2B}.DVD-5|Mixed Platforms.ActiveCfg = Debug.UniqueCode|Any CPU
		{314468CB-28EB-40F2-BA15-0AC5743E9B2B}.DVD-5|Mixed Platforms.Build.0 = Debug.UniqueCode|Any CPU
		{314468CB-28EB-40F2-BA15-0AC5743E9B2B}.DVD-5|x86.ActiveCfg = Debug.UniqueCode|Any CPU
		{314468CB-28EB-40F2-BA15-0AC5743E9B2B}.Release|Any CPU.ActiveCfg = Release|Any CPU
		{314468CB-28EB-40F2-BA15-0AC5743E9B2B}.Release|Any CPU.Build.0 = Release|Any CPU
		{314468CB-28EB-40F2-BA15-0AC5743E9B2B}.Release|Mixed Platforms.ActiveCfg = Release|Any CPU
		{314468CB-28EB-40F2-BA15-0AC5743E9B2B}.Release|Mixed Platforms.Build.0 = Release|Any CPU
		{314468CB-28EB-40F2-BA15-0AC5743E9B2B}.Release|x86.ActiveCfg = Release|Any CPU
		{314468CB-28EB-40F2-BA15-0AC5743E9B2B}.SingleImage|Any CPU.ActiveCfg = Release|Any CPU
		{314468CB-28EB-40F2-BA15-0AC5743E9B2B}.SingleImage|Any CPU.Build.0 = Release|Any CPU
		{314468CB-28EB-40F2-BA15-0AC5743E9B2B}.SingleImage|Mixed Platforms.ActiveCfg = Release|Any CPU
		{314468CB-28EB-40F2-BA15-0AC5743E9B2B}.SingleImage|Mixed Platforms.Build.0 = Release|Any CPU
		{314468CB-28EB-40F2-BA15-0AC5743E9B2B}.SingleImage|x86.ActiveCfg = Release|Any CPU
		{31C0A7FE-807E-4EA1-BA89-356D75F3BED8}.CD_ROM|Any CPU.ActiveCfg = Release|Any CPU
		{31C0A7FE-807E-4EA1-BA89-356D75F3BED8}.CD_ROM|Any CPU.Build.0 = Release|Any CPU
		{31C0A7FE-807E-4EA1-BA89-356D75F3BED8}.CD_ROM|Mixed Platforms.ActiveCfg = Release|Any CPU
		{31C0A7FE-807E-4EA1-BA89-356D75F3BED8}.CD_ROM|Mixed Platforms.Build.0 = Release|Any CPU
		{31C0A7FE-807E-4EA1-BA89-356D75F3BED8}.CD_ROM|x86.ActiveCfg = Release|Any CPU
		{31C0A7FE-807E-4EA1-BA89-356D75F3BED8}.Debug.UniqueCode|Any CPU.ActiveCfg = Debug|Any CPU
		{31C0A7FE-807E-4EA1-BA89-356D75F3BED8}.Debug.UniqueCode|Any CPU.Build.0 = Debug|Any CPU
		{31C0A7FE-807E-4EA1-BA89-356D75F3BED8}.Debug.UniqueCode|Mixed Platforms.ActiveCfg = Debug|Any CPU
		{31C0A7FE-807E-4EA1-BA89-356D75F3BED8}.Debug.UniqueCode|Mixed Platforms.Build.0 = Debug|Any CPU
		{31C0A7FE-807E-4EA1-BA89-356D75F3BED8}.Debug.UniqueCode|x86.ActiveCfg = Debug|Any CPU
		{31C0A7FE-807E-4EA1-BA89-356D75F3BED8}.Debug|Any CPU.ActiveCfg = Debug|Any CPU
		{31C0A7FE-807E-4EA1-BA89-356D75F3BED8}.Debug|Any CPU.Build.0 = Debug|Any CPU
		{31C0A7FE-807E-4EA1-BA89-356D75F3BED8}.Debug|Mixed Platforms.ActiveCfg = Debug|Any CPU
		{31C0A7FE-807E-4EA1-BA89-356D75F3BED8}.Debug|Mixed Platforms.Build.0 = Debug|Any CPU
		{31C0A7FE-807E-4EA1-BA89-356D75F3BED8}.Debug|x86.ActiveCfg = Debug|Any CPU
		{31C0A7FE-807E-4EA1-BA89-356D75F3BED8}.DVD-5|Any CPU.ActiveCfg = Debug|Any CPU
		{31C0A7FE-807E-4EA1-BA89-356D75F3BED8}.DVD-5|Any CPU.Build.0 = Debug|Any CPU
		{31C0A7FE-807E-4EA1-BA89-356D75F3BED8}.DVD-5|Mixed Platforms.ActiveCfg = Debug|Any CPU
		{31C0A7FE-807E-4EA1-BA89-356D75F3BED8}.DVD-5|Mixed Platforms.Build.0 = Debug|Any CPU
		{31C0A7FE-807E-4EA1-BA89-356D75F3BED8}.DVD-5|x86.ActiveCfg = Debug|Any CPU
		{31C0A7FE-807E-4EA1-BA89-356D75F3BED8}.Release|Any CPU.ActiveCfg = Release|Any CPU
		{31C0A7FE-807E-4EA1-BA89-356D75F3BED8}.Release|Any CPU.Build.0 = Release|Any CPU
		{31C0A7FE-807E-4EA1-BA89-356D75F3BED8}.Release|Mixed Platforms.ActiveCfg = Release|Any CPU
		{31C0A7FE-807E-4EA1-BA89-356D75F3BED8}.Release|Mixed Platforms.Build.0 = Release|Any CPU
		{31C0A7FE-807E-4EA1-BA89-356D75F3BED8}.Release|x86.ActiveCfg = Release|Any CPU
		{31C0A7FE-807E-4EA1-BA89-356D75F3BED8}.SingleImage|Any CPU.ActiveCfg = Release|Any CPU
		{31C0A7FE-807E-4EA1-BA89-356D75F3BED8}.SingleImage|Any CPU.Build.0 = Release|Any CPU
		{31C0A7FE-807E-4EA1-BA89-356D75F3BED8}.SingleImage|Mixed Platforms.ActiveCfg = Release|Any CPU
		{31C0A7FE-807E-4EA1-BA89-356D75F3BED8}.SingleImage|Mixed Platforms.Build.0 = Release|Any CPU
		{31C0A7FE-807E-4EA1-BA89-356D75F3BED8}.SingleImage|x86.ActiveCfg = Release|Any CPU
		{C6CFC4EC-8A25-4605-8D1F-98B874843E59}.CD_ROM|Any CPU.ActiveCfg = Release|Any CPU
		{C6CFC4EC-8A25-4605-8D1F-98B874843E59}.CD_ROM|Any CPU.Build.0 = Release|Any CPU
		{C6CFC4EC-8A25-4605-8D1F-98B874843E59}.CD_ROM|Mixed Platforms.ActiveCfg = Release|Any CPU
		{C6CFC4EC-8A25-4605-8D1F-98B874843E59}.CD_ROM|Mixed Platforms.Build.0 = Release|Any CPU
		{C6CFC4EC-8A25-4605-8D1F-98B874843E59}.CD_ROM|x86.ActiveCfg = Release|Any CPU
		{C6CFC4EC-8A25-4605-8D1F-98B874843E59}.Debug.UniqueCode|Any CPU.ActiveCfg = Debug|Any CPU
		{C6CFC4EC-8A25-4605-8D1F-98B874843E59}.Debug.UniqueCode|Any CPU.Build.0 = Debug|Any CPU
		{C6CFC4EC-8A25-4605-8D1F-98B874843E59}.Debug.UniqueCode|Mixed Platforms.ActiveCfg = Debug|Any CPU
		{C6CFC4EC-8A25-4605-8D1F-98B874843E59}.Debug.UniqueCode|Mixed Platforms.Build.0 = Debug|Any CPU
		{C6CFC4EC-8A25-4605-8D1F-98B874843E59}.Debug.UniqueCode|x86.ActiveCfg = Debug|Any CPU
		{C6CFC4EC-8A25-4605-8D1F-98B874843E59}.Debug|Any CPU.ActiveCfg = Debug|Any CPU
		{C6CFC4EC-8A25-4605-8D1F-98B874843E59}.Debug|Any CPU.Build.0 = Debug|Any CPU
		{C6CFC4EC-8A25-4605-8D1F-98B874843E59}.Debug|Mixed Platforms.ActiveCfg = Debug|Any CPU
		{C6CFC4EC-8A25-4605-8D1F-98B874843E59}.Debug|Mixed Platforms.Build.0 = Debug|Any CPU
		{C6CFC4EC-8A25-4605-8D1F-98B874843E59}.Debug|x86.ActiveCfg = Debug|Any CPU
		{C6CFC4EC-8A25-4605-8D1F-98B874843E59}.DVD-5|Any CPU.ActiveCfg = Debug|Any CPU
		{C6CFC4EC-8A25-4605-8D1F-98B874843E59}.DVD-5|Any CPU.Build.0 = Debug|Any CPU
		{C6CFC4EC-8A25-4605-8D1F-98B874843E59}.DVD-5|Mixed Platforms.ActiveCfg = Debug|Any CPU
		{C6CFC4EC-8A25-4605-8D1F-98B874843E59}.DVD-5|Mixed Platforms.Build.0 = Debug|Any CPU
		{C6CFC4EC-8A25-4605-8D1F-98B874843E59}.DVD-5|x86.ActiveCfg = Debug|Any CPU
		{C6CFC4EC-8A25-4605-8D1F-98B874843E59}.Release|Any CPU.ActiveCfg = Release|Any CPU
		{C6CFC4EC-8A25-4605-8D1F-98B874843E59}.Release|Any CPU.Build.0 = Release|Any CPU
		{C6CFC4EC-8A25-4605-8D1F-98B874843E59}.Release|Mixed Platforms.ActiveCfg = Release|Any CPU
		{C6CFC4EC-8A25-4605-8D1F-98B874843E59}.Release|Mixed Platforms.Build.0 = Release|Any CPU
		{C6CFC4EC-8A25-4605-8D1F-98B874843E59}.Release|x86.ActiveCfg = Release|Any CPU
		{C6CFC4EC-8A25-4605-8D1F-98B874843E59}.SingleImage|Any CPU.ActiveCfg = Release|Any CPU
		{C6CFC4EC-8A25-4605-8D1F-98B874843E59}.SingleImage|Any CPU.Build.0 = Release|Any CPU
		{C6CFC4EC-8A25-4605-8D1F-98B874843E59}.SingleImage|Mixed Platforms.ActiveCfg = Release|Any CPU
		{C6CFC4EC-8A25-4605-8D1F-98B874843E59}.SingleImage|Mixed Platforms.Build.0 = Release|Any CPU
		{C6CFC4EC-8A25-4605-8D1F-98B874843E59}.SingleImage|x86.ActiveCfg = Release|Any CPU
		{A6BA9012-1B18-4D83-B3DB-8864CC6721F8}.CD_ROM|Any CPU.ActiveCfg = Release|Any CPU
		{A6BA9012-1B18-4D83-B3DB-8864CC6721F8}.CD_ROM|Any CPU.Build.0 = Release|Any CPU
		{A6BA9012-1B18-4D83-B3DB-8864CC6721F8}.CD_ROM|Mixed Platforms.ActiveCfg = Release|Any CPU
		{A6BA9012-1B18-4D83-B3DB-8864CC6721F8}.CD_ROM|Mixed Platforms.Build.0 = Release|Any CPU
		{A6BA9012-1B18-4D83-B3DB-8864CC6721F8}.CD_ROM|x86.ActiveCfg = Release|Any CPU
		{A6BA9012-1B18-4D83-B3DB-8864CC6721F8}.Debug.UniqueCode|Any CPU.ActiveCfg = Debug|Any CPU
		{A6BA9012-1B18-4D83-B3DB-8864CC6721F8}.Debug.UniqueCode|Any CPU.Build.0 = Debug|Any CPU
		{A6BA9012-1B18-4D83-B3DB-8864CC6721F8}.Debug.UniqueCode|Mixed Platforms.ActiveCfg = Debug|Any CPU
		{A6BA9012-1B18-4D83-B3DB-8864CC6721F8}.Debug.UniqueCode|Mixed Platforms.Build.0 = Debug|Any CPU
		{A6BA9012-1B18-4D83-B3DB-8864CC6721F8}.Debug.UniqueCode|x86.ActiveCfg = Debug|Any CPU
		{A6BA9012-1B18-4D83-B3DB-8864CC6721F8}.Debug|Any CPU.ActiveCfg = Debug|Any CPU
		{A6BA9012-1B18-4D83-B3DB-8864CC6721F8}.Debug|Any CPU.Build.0 = Debug|Any CPU
		{A6BA9012-1B18-4D83-B3DB-8864CC6721F8}.Debug|Mixed Platforms.ActiveCfg = Debug|Any CPU
		{A6BA9012-1B18-4D83-B3DB-8864CC6721F8}.Debug|Mixed Platforms.Build.0 = Debug|Any CPU
		{A6BA9012-1B18-4D83-B3DB-8864CC6721F8}.Debug|x86.ActiveCfg = Debug|Any CPU
		{A6BA9012-1B18-4D83-B3DB-8864CC6721F8}.DVD-5|Any CPU.ActiveCfg = Debug|Any CPU
		{A6BA9012-1B18-4D83-B3DB-8864CC6721F8}.DVD-5|Any CPU.Build.0 = Debug|Any CPU
		{A6BA9012-1B18-4D83-B3DB-8864CC6721F8}.DVD-5|Mixed Platforms.ActiveCfg = Debug|Any CPU
		{A6BA9012-1B18-4D83-B3DB-8864CC6721F8}.DVD-5|Mixed Platforms.Build.0 = Debug|Any CPU
		{A6BA9012-1B18-4D83-B3DB-8864CC6721F8}.DVD-5|x86.ActiveCfg = Debug|Any CPU
		{A6BA9012-1B18-4D83-B3DB-8864CC6721F8}.Release|Any CPU.ActiveCfg = Release|Any CPU
		{A6BA9012-1B18-4D83-B3DB-8864CC6721F8}.Release|Any CPU.Build.0 = Release|Any CPU
		{A6BA9012-1B18-4D83-B3DB-8864CC6721F8}.Release|Mixed Platforms.ActiveCfg = Release|Any CPU
		{A6BA9012-1B18-4D83-B3DB-8864CC6721F8}.Release|Mixed Platforms.Build.0 = Release|Any CPU
		{A6BA9012-1B18-4D83-B3DB-8864CC6721F8}.Release|x86.ActiveCfg = Release|Any CPU
		{A6BA9012-1B18-4D83-B3DB-8864CC6721F8}.SingleImage|Any CPU.ActiveCfg = Release|Any CPU
		{A6BA9012-1B18-4D83-B3DB-8864CC6721F8}.SingleImage|Any CPU.Build.0 = Release|Any CPU
		{A6BA9012-1B18-4D83-B3DB-8864CC6721F8}.SingleImage|Mixed Platforms.ActiveCfg = Release|Any CPU
		{A6BA9012-1B18-4D83-B3DB-8864CC6721F8}.SingleImage|Mixed Platforms.Build.0 = Release|Any CPU
		{A6BA9012-1B18-4D83-B3DB-8864CC6721F8}.SingleImage|x86.ActiveCfg = Release|Any CPU
		{C3DDC5E5-0025-41F6-80E7-C9BDAFECCAAF}.CD_ROM|Any CPU.ActiveCfg = Release|Any CPU
		{C3DDC5E5-0025-41F6-80E7-C9BDAFECCAAF}.CD_ROM|Any CPU.Build.0 = Release|Any CPU
		{C3DDC5E5-0025-41F6-80E7-C9BDAFECCAAF}.CD_ROM|Mixed Platforms.ActiveCfg = Release|Any CPU
		{C3DDC5E5-0025-41F6-80E7-C9BDAFECCAAF}.CD_ROM|Mixed Platforms.Build.0 = Release|Any CPU
		{C3DDC5E5-0025-41F6-80E7-C9BDAFECCAAF}.CD_ROM|x86.ActiveCfg = Release|Any CPU
		{C3DDC5E5-0025-41F6-80E7-C9BDAFECCAAF}.Debug.UniqueCode|Any CPU.ActiveCfg = Debug|Any CPU
		{C3DDC5E5-0025-41F6-80E7-C9BDAFECCAAF}.Debug.UniqueCode|Any CPU.Build.0 = Debug|Any CPU
		{C3DDC5E5-0025-41F6-80E7-C9BDAFECCAAF}.Debug.UniqueCode|Mixed Platforms.ActiveCfg = Debug|Any CPU
		{C3DDC5E5-0025-41F6-80E7-C9BDAFECCAAF}.Debug.UniqueCode|Mixed Platforms.Build.0 = Debug|Any CPU
		{C3DDC5E5-0025-41F6-80E7-C9BDAFECCAAF}.Debug.UniqueCode|x86.ActiveCfg = Debug|Any CPU
		{C3DDC5E5-0025-41F6-80E7-C9BDAFECCAAF}.Debug|Any CPU.ActiveCfg = Debug|Any CPU
		{C3DDC5E5-0025-41F6-80E7-C9BDAFECCAAF}.Debug|Any CPU.Build.0 = Debug|Any CPU
		{C3DDC5E5-0025-41F6-80E7-C9BDAFECCAAF}.Debug|Mixed Platforms.ActiveCfg = Debug|Any CPU
		{C3DDC5E5-0025-41F6-80E7-C9BDAFECCAAF}.Debug|Mixed Platforms.Build.0 = Debug|Any CPU
		{C3DDC5E5-0025-41F6-80E7-C9BDAFECCAAF}.Debug|x86.ActiveCfg = Debug|Any CPU
		{C3DDC5E5-0025-41F6-80E7-C9BDAFECCAAF}.DVD-5|Any CPU.ActiveCfg = Debug|Any CPU
		{C3DDC5E5-0025-41F6-80E7-C9BDAFECCAAF}.DVD-5|Any CPU.Build.0 = Debug|Any CPU
		{C3DDC5E5-0025-41F6-80E7-C9BDAFECCAAF}.DVD-5|Mixed Platforms.ActiveCfg = Debug|Any CPU
		{C3DDC5E5-0025-41F6-80E7-C9BDAFECCAAF}.DVD-5|Mixed Platforms.Build.0 = Debug|Any CPU
		{C3DDC5E5-0025-41F6-80E7-C9BDAFECCAAF}.DVD-5|x86.ActiveCfg = Debug|Any CPU
		{C3DDC5E5-0025-41F6-80E7-C9BDAFECCAAF}.Release|Any CPU.ActiveCfg = Release|Any CPU
		{C3DDC5E5-0025-41F6-80E7-C9BDAFECCAAF}.Release|Any CPU.Build.0 = Release|Any CPU
		{C3DDC5E5-0025-41F6-80E7-C9BDAFECCAAF}.Release|Mixed Platforms.ActiveCfg = Release|Any CPU
		{C3DDC5E5-0025-41F6-80E7-C9BDAFECCAAF}.Release|Mixed Platforms.Build.0 = Release|Any CPU
		{C3DDC5E5-0025-41F6-80E7-C9BDAFECCAAF}.Release|x86.ActiveCfg = Release|Any CPU
		{C3DDC5E5-0025-41F6-80E7-C9BDAFECCAAF}.SingleImage|Any CPU.ActiveCfg = Release|Any CPU
		{C3DDC5E5-0025-41F6-80E7-C9BDAFECCAAF}.SingleImage|Any CPU.Build.0 = Release|Any CPU
		{C3DDC5E5-0025-41F6-80E7-C9BDAFECCAAF}.SingleImage|Mixed Platforms.ActiveCfg = Release|Any CPU
		{C3DDC5E5-0025-41F6-80E7-C9BDAFECCAAF}.SingleImage|Mixed Platforms.Build.0 = Release|Any CPU
		{C3DDC5E5-0025-41F6-80E7-C9BDAFECCAAF}.SingleImage|x86.ActiveCfg = Release|Any CPU
		{84F9B89F-1CDD-4ABE-B3AD-AC3EA43744DA}.CD_ROM|Any CPU.ActiveCfg = Release|Any CPU
		{84F9B89F-1CDD-4ABE-B3AD-AC3EA43744DA}.CD_ROM|Any CPU.Build.0 = Release|Any CPU
		{84F9B89F-1CDD-4ABE-B3AD-AC3EA43744DA}.CD_ROM|Mixed Platforms.ActiveCfg = Release|Any CPU
		{84F9B89F-1CDD-4ABE-B3AD-AC3EA43744DA}.CD_ROM|Mixed Platforms.Build.0 = Release|Any CPU
		{84F9B89F-1CDD-4ABE-B3AD-AC3EA43744DA}.CD_ROM|x86.ActiveCfg = Release|Any CPU
		{84F9B89F-1CDD-4ABE-B3AD-AC3EA43744DA}.Debug.UniqueCode|Any CPU.ActiveCfg = Debug|Any CPU
		{84F9B89F-1CDD-4ABE-B3AD-AC3EA43744DA}.Debug.UniqueCode|Any CPU.Build.0 = Debug|Any CPU
		{84F9B89F-1CDD-4ABE-B3AD-AC3EA43744DA}.Debug.UniqueCode|Mixed Platforms.ActiveCfg = Debug|Any CPU
		{84F9B89F-1CDD-4ABE-B3AD-AC3EA43744DA}.Debug.UniqueCode|Mixed Platforms.Build.0 = Debug|Any CPU
		{84F9B89F-1CDD-4ABE-B3AD-AC3EA43744DA}.Debug.UniqueCode|x86.ActiveCfg = Debug|Any CPU
		{84F9B89F-1CDD-4ABE-B3AD-AC3EA43744DA}.Debug|Any CPU.ActiveCfg = Debug|Any CPU
		{84F9B89F-1CDD-4ABE-B3AD-AC3EA43744DA}.Debug|Any CPU.Build.0 = Debug|Any CPU
		{84F9B89F-1CDD-4ABE-B3AD-AC3EA43744DA}.Debug|Mixed Platforms.ActiveCfg = Debug|Any CPU
		{84F9B89F-1CDD-4ABE-B3AD-AC3EA43744DA}.Debug|Mixed Platforms.Build.0 = Debug|Any CPU
		{84F9B89F-1CDD-4ABE-B3AD-AC3EA43744DA}.Debug|x86.ActiveCfg = Debug|Any CPU
		{84F9B89F-1CDD-4ABE-B3AD-AC3EA43744DA}.DVD-5|Any CPU.ActiveCfg = Debug|Any CPU
		{84F9B89F-1CDD-4ABE-B3AD-AC3EA43744DA}.DVD-5|Any CPU.Build.0 = Debug|Any CPU
		{84F9B89F-1CDD-4ABE-B3AD-AC3EA43744DA}.DVD-5|Mixed Platforms.ActiveCfg = Debug|Any CPU
		{84F9B89F-1CDD-4ABE-B3AD-AC3EA43744DA}.DVD-5|Mixed Platforms.Build.0 = Debug|Any CPU
		{84F9B89F-1CDD-4ABE-B3AD-AC3EA43744DA}.DVD-5|x86.ActiveCfg = Debug|Any CPU
		{84F9B89F-1CDD-4ABE-B3AD-AC3EA43744DA}.Release|Any CPU.ActiveCfg = Release|Any CPU
		{84F9B89F-1CDD-4ABE-B3AD-AC3EA43744DA}.Release|Any CPU.Build.0 = Release|Any CPU
		{84F9B89F-1CDD-4ABE-B3AD-AC3EA43744DA}.Release|Mixed Platforms.ActiveCfg = Release|Any CPU
		{84F9B89F-1CDD-4ABE-B3AD-AC3EA43744DA}.Release|Mixed Platforms.Build.0 = Release|Any CPU
		{84F9B89F-1CDD-4ABE-B3AD-AC3EA43744DA}.Release|x86.ActiveCfg = Release|Any CPU
		{84F9B89F-1CDD-4ABE-B3AD-AC3EA43744DA}.SingleImage|Any CPU.ActiveCfg = Release|Any CPU
		{84F9B89F-1CDD-4ABE-B3AD-AC3EA43744DA}.SingleImage|Any CPU.Build.0 = Release|Any CPU
		{84F9B89F-1CDD-4ABE-B3AD-AC3EA43744DA}.SingleImage|Mixed Platforms.ActiveCfg = Release|Any CPU
		{84F9B89F-1CDD-4ABE-B3AD-AC3EA43744DA}.SingleImage|Mixed Platforms.Build.0 = Release|Any CPU
		{84F9B89F-1CDD-4ABE-B3AD-AC3EA43744DA}.SingleImage|x86.ActiveCfg = Release|Any CPU
	EndGlobalSection
	GlobalSection(SolutionProperties) = preSolution
		HideSolutionNode = FALSE
	EndGlobalSection
	GlobalSection(NestedProjects) = preSolution
		{340A16AE-9A66-49A4-BB52-02D5C6A2F1C9} = {B973AF9E-B287-4810-BDC3-1F41D62B4666}
		{37DFDBD8-E56D-4DDD-8E62-D7653EAF6448} = {48A48918-CBD9-4AE2-BB98-A31DEC815F17}
		{284BC2E0-944C-41DE-8366-5347525096A5} = {348F11C1-10CD-49C9-82FF-E288B2E2B7B6}
		{0659B2B4-E322-47B8-B5BC-C1FCDF23A820} = {348F11C1-10CD-49C9-82FF-E288B2E2B7B6}
		{428FCFBB-E4C7-496A-8F38-CB7DE7E41141} = {43288A84-29E6-46A5-8109-5111B742DE06}
		{51110A25-A28E-4EE5-BA38-8E098A5CAA60} = {74A5057D-61B7-4D74-8EAF-F0185785EF1D}
		{05A5BA0B-8CD8-4C0E-98F3-165BD8A25DE1} = {43288A84-29E6-46A5-8109-5111B742DE06}
		{5B876603-C4DE-412F-ABF1-AF7864B5EB70} = {74A5057D-61B7-4D74-8EAF-F0185785EF1D}
		{4246BF13-BFBB-48D2-B259-34FE026F1B82} = {B973AF9E-B287-4810-BDC3-1F41D62B4666}
		{2E97B0FB-10A1-4241-A4E0-ABC60A7D51E7} = {78F1E7A3-1372-4563-93EF-8462F3A9BA25}
		{3FFB3F61-B156-4112-9C5E-7EE1FC070FE5} = {74A5057D-61B7-4D74-8EAF-F0185785EF1D}
		{3E5D357D-E7A9-4BF5-9079-0484E303FB6E} = {B973AF9E-B287-4810-BDC3-1F41D62B4666}
		{522D227D-139F-4E59-983B-339198A9FDAD} = {B973AF9E-B287-4810-BDC3-1F41D62B4666}
		{6C3FD41B-92E6-43F2-93A9-21685917BDAD} = {B973AF9E-B287-4810-BDC3-1F41D62B4666}
		{34BB9EA6-0350-4482-BCCE-347EEE501DE8} = {B973AF9E-B287-4810-BDC3-1F41D62B4666}
		{1046DE12-8B0E-45C4-8083-2F13FF58787D} = {48A48918-CBD9-4AE2-BB98-A31DEC815F17}
		{243CF4E8-08AB-4DAC-A9B2-CD460E983195} = {78F1E7A3-1372-4563-93EF-8462F3A9BA25}
		{D0FB639A-65F2-47C9-9DBB-B61BB8ED13E7} = {48A48918-CBD9-4AE2-BB98-A31DEC815F17}
		{55AB3F23-DC57-44CC-9B78-111F6ABA936F} = {48A48918-CBD9-4AE2-BB98-A31DEC815F17}
		{1B328CA3-BFF9-4FFD-8214-EF603465355E} = {78F1E7A3-1372-4563-93EF-8462F3A9BA25}
		{3D521D68-094F-46C8-9877-A2009EA1CAD5} = {78F1E7A3-1372-4563-93EF-8462F3A9BA25}
		{74475E85-8EFD-4AE3-811E-9251D423F2ED} = {48A48918-CBD9-4AE2-BB98-A31DEC815F17}
		{1CE10888-2818-4318-BAD1-1D95290CDA2B} = {78F1E7A3-1372-4563-93EF-8462F3A9BA25}
		{EB7978E6-7F0C-4911-9558-D3AC239CE88B} = {43288A84-29E6-46A5-8109-5111B742DE06}
		{314468CB-28EB-40F2-BA15-0AC5743E9B2B} = {74A5057D-61B7-4D74-8EAF-F0185785EF1D}
		{31C0A7FE-807E-4EA1-BA89-356D75F3BED8} = {43288A84-29E6-46A5-8109-5111B742DE06}
		{C6CFC4EC-8A25-4605-8D1F-98B874843E59} = {43288A84-29E6-46A5-8109-5111B742DE06}
		{A6BA9012-1B18-4D83-B3DB-8864CC6721F8} = {340A16AE-9A66-49A4-BB52-02D5C6A2F1C9}
	EndGlobalSection
	GlobalSection(ExtensibilityGlobals) = postSolution
		SolutionGuid = {C9AFA66F-040D-4F4C-940E-2986694B9A07}
	EndGlobalSection
	GlobalSection(TestCaseManagementSettings) = postSolution
		CategoryFile = TXPlatform.vsmdi
	EndGlobalSection
EndGlobal
